{
  "version": 4,
  "terraform_version": "1.14.3",
  "serial": 1611,
  "lineage": "99df0ef0-9e43-3647-4f07-2bf5bf51e937",
  "outputs": {
    "nodes": {
      "value": {
        "masters": [
          {
            "floating_ip": "192.168.180.33",
            "name": "auto-kube-master-0",
            "private_ip": "10.180.1.225"
          },
          {
            "floating_ip": "192.168.180.20",
            "name": "auto-kube-master-1",
            "private_ip": "10.180.1.33"
          },
          {
            "floating_ip": "192.168.180.44",
            "name": "auto-kube-master-2",
            "private_ip": "10.180.1.234"
          }
        ],
        "workers": [
          {
            "floating_ip": "192.168.180.38",
            "name": "auto-kube-worker-0",
            "private_ip": "10.180.1.170"
          },
          {
            "floating_ip": "192.168.180.40",
            "name": "auto-kube-worker-1",
            "private_ip": "10.180.1.178"
          },
          {
            "floating_ip": "192.168.180.34",
            "name": "auto-kube-worker-2",
            "private_ip": "10.180.1.227"
          }
        ]
      },
      "type": [
        "object",
        {
          "masters": [
            "tuple",
            [
              [
                "object",
                {
                  "floating_ip": "string",
                  "name": "string",
                  "private_ip": "string"
                }
              ],
              [
                "object",
                {
                  "floating_ip": "string",
                  "name": "string",
                  "private_ip": "string"
                }
              ],
              [
                "object",
                {
                  "floating_ip": "string",
                  "name": "string",
                  "private_ip": "string"
                }
              ]
            ]
          ],
          "workers": [
            "tuple",
            [
              [
                "object",
                {
                  "floating_ip": "string",
                  "name": "string",
                  "private_ip": "string"
                }
              ],
              [
                "object",
                {
                  "floating_ip": "string",
                  "name": "string",
                  "private_ip": "string"
                }
              ],
              [
                "object",
                {
                  "floating_ip": "string",
                  "name": "string",
                  "private_ip": "string"
                }
              ]
            ]
          ]
        }
      ]
    }
  },
  "resources": [
    {
      "mode": "data",
      "type": "openstack_images_image_v2",
      "name": "image",
      "provider": "provider[\"registry.terraform.io/terraform-provider-openstack/openstack\"]",
      "instances": [
        {
          "schema_version": 0,
          "attributes": {
            "checksum": "df2e04e7cd63e27b3cd26362321b3a1b",
            "container_format": "bare",
            "created_at": "2025-08-08T09:59:03Z",
            "disk_format": "qcow2",
            "file": "/v2/images/35e672a6-222a-4826-9eaa-5bacc87a3562/file",
            "hidden": false,
            "id": "35e672a6-222a-4826-9eaa-5bacc87a3562",
            "member_status": null,
            "metadata": {},
            "min_disk_gb": 0,
            "min_ram_mb": 0,
            "most_recent": false,
            "name": "ubuntu-server-24.04",
            "name_regex": null,
            "owner": "b79f0ab23c4f4289aef41cd985662c2c",
            "properties": {
              "img_hide_hypervisor_id": "true",
              "os_hash_algo": "sha512",
              "os_hash_value": "202165e9111c40e76af9ba407a3625f0585ec0ae462a518bcca58caa3ab98c2715390269f6bf9e9abc1a1a9bf2d3a44a142c77617f3eef971c13e782d564cf48",
              "owner_specified.openstack.md5": "",
              "owner_specified.openstack.object": "images/ubuntu-server-24.04",
              "owner_specified.openstack.sha256": "",
              "stores": "rbd"
            },
            "protected": false,
            "region": "RegionOne",
            "schema": "/v2/schemas/image",
            "size_bytes": 667811840,
            "size_max": null,
            "size_min": null,
            "sort": "name:asc",
            "tag": null,
            "tags": [],
            "updated_at": "2025-08-26T05:43:05Z",
            "visibility": "public"
          },
          "sensitive_attributes": [],
          "identity_schema_version": 0
        }
      ]
    },
    {
      "mode": "data",
      "type": "openstack_networking_network_v2",
      "name": "external",
      "provider": "provider[\"registry.terraform.io/terraform-provider-openstack/openstack\"]",
      "instances": [
        {
          "schema_version": 0,
          "attributes": {
            "admin_state_up": "true",
            "all_tags": [],
            "availability_zone_hints": [],
            "description": "",
            "dns_domain": "",
            "external": true,
            "id": "765373d8-6982-40f4-9d58-b9fbc95f8d29",
            "matching_subnet_cidr": null,
            "mtu": 1500,
            "name": "ocr-cluster-net-ext-192-168-180",
            "network_id": null,
            "region": "RegionOne",
            "segments": [
              {
                "network_type": "vlan",
                "physical_network": "physnet1",
                "segmentation_id": 180
              }
            ],
            "shared": "true",
            "status": null,
            "subnets": [
              "1f63377a-b785-4fef-980f-ba35ac30f2b1"
            ],
            "tags": null,
            "tenant_id": "d2eb04b1516f4d8bb957a347a9f23ba9",
            "transparent_vlan": false
          },
          "sensitive_attributes": [],
          "identity_schema_version": 0
        }
      ]
    },
    {
      "mode": "data",
      "type": "openstack_networking_network_v2",
      "name": "internal",
      "provider": "provider[\"registry.terraform.io/terraform-provider-openstack/openstack\"]",
      "instances": [
        {
          "schema_version": 0,
          "attributes": {
            "admin_state_up": "true",
            "all_tags": [],
            "availability_zone_hints": [],
            "description": "",
            "dns_domain": "",
            "external": false,
            "id": "fae1de2e-933a-4677-a99a-76eeab2f8406",
            "matching_subnet_cidr": null,
            "mtu": 1450,
            "name": "ocr-cluster-net-int-10-180-1",
            "network_id": null,
            "region": "RegionOne",
            "segments": [
              {
                "network_type": "vxlan",
                "physical_network": "",
                "segmentation_id": 825
              }
            ],
            "shared": "false",
            "status": null,
            "subnets": [
              "60161c52-f90c-4855-a8b3-5ee9d5ebc766"
            ],
            "tags": null,
            "tenant_id": "d2eb04b1516f4d8bb957a347a9f23ba9",
            "transparent_vlan": false
          },
          "sensitive_attributes": [],
          "identity_schema_version": 0
        }
      ]
    },
    {
      "mode": "data",
      "type": "openstack_networking_port_v2",
      "name": "master_port",
      "provider": "provider[\"registry.terraform.io/terraform-provider-openstack/openstack\"]",
      "instances": [
        {
          "index_key": 0,
          "schema_version": 0,
          "attributes": {
            "admin_state_up": true,
            "all_fixed_ips": [
              "10.180.1.225"
            ],
            "all_security_group_ids": [
              "0f36d3b3-b315-417e-b402-7607c0df81af"
            ],
            "all_tags": [],
            "allowed_address_pairs": [],
            "binding": [
              {
                "host_id": "compute12",
                "profile": "{}",
                "vif_details": {
                  "bound_drivers": "{\"0\":\"ovn\"}",
                  "bridge_name": "br-int",
                  "connectivity": "l2",
                  "datapath_type": "system",
                  "port_filter": "true"
                },
                "vif_type": "ovs",
                "vnic_type": "normal"
              }
            ],
            "description": "",
            "device_id": "247a6982-6047-4c47-908d-7478f31f9d8a",
            "device_owner": "compute:nova_production",
            "dns_assignment": [],
            "dns_name": "",
            "extra_dhcp_option": [],
            "fixed_ip": null,
            "id": "cac75085-e951-44a0-bee3-f895891987a5",
            "mac_address": "fa:16:3e:ca:3d:8a",
            "name": "",
            "network_id": "fae1de2e-933a-4677-a99a-76eeab2f8406",
            "port_id": "cac75085-e951-44a0-bee3-f895891987a5",
            "project_id": "d2eb04b1516f4d8bb957a347a9f23ba9",
            "region": "RegionOne",
            "security_group_ids": null,
            "status": null,
            "tags": null,
            "tenant_id": "d2eb04b1516f4d8bb957a347a9f23ba9"
          },
          "sensitive_attributes": [],
          "identity_schema_version": 0
        },
        {
          "index_key": 1,
          "schema_version": 0,
          "attributes": {
            "admin_state_up": true,
            "all_fixed_ips": [
              "10.180.1.33"
            ],
            "all_security_group_ids": [
              "0f36d3b3-b315-417e-b402-7607c0df81af"
            ],
            "all_tags": [],
            "allowed_address_pairs": [],
            "binding": [
              {
                "host_id": "compute12",
                "profile": "{}",
                "vif_details": {
                  "bound_drivers": "{\"0\":\"ovn\"}",
                  "bridge_name": "br-int",
                  "connectivity": "l2",
                  "datapath_type": "system",
                  "port_filter": "true"
                },
                "vif_type": "ovs",
                "vnic_type": "normal"
              }
            ],
            "description": "",
            "device_id": "09b1a2e5-fe14-443f-9c26-a16092ebc57d",
            "device_owner": "compute:nova_production",
            "dns_assignment": [],
            "dns_name": "",
            "extra_dhcp_option": [],
            "fixed_ip": null,
            "id": "5f9cc6ca-dd66-4631-bdb3-50578caa5be6",
            "mac_address": "fa:16:3e:82:e4:4b",
            "name": "",
            "network_id": "fae1de2e-933a-4677-a99a-76eeab2f8406",
            "port_id": "5f9cc6ca-dd66-4631-bdb3-50578caa5be6",
            "project_id": "d2eb04b1516f4d8bb957a347a9f23ba9",
            "region": "RegionOne",
            "security_group_ids": null,
            "status": null,
            "tags": null,
            "tenant_id": "d2eb04b1516f4d8bb957a347a9f23ba9"
          },
          "sensitive_attributes": [],
          "identity_schema_version": 0
        },
        {
          "index_key": 2,
          "schema_version": 0,
          "attributes": {
            "admin_state_up": true,
            "all_fixed_ips": [
              "10.180.1.234"
            ],
            "all_security_group_ids": [
              "0f36d3b3-b315-417e-b402-7607c0df81af"
            ],
            "all_tags": [],
            "allowed_address_pairs": [],
            "binding": [
              {
                "host_id": "compute12",
                "profile": "{}",
                "vif_details": {
                  "bound_drivers": "{\"0\":\"ovn\"}",
                  "bridge_name": "br-int",
                  "connectivity": "l2",
                  "datapath_type": "system",
                  "port_filter": "true"
                },
                "vif_type": "ovs",
                "vnic_type": "normal"
              }
            ],
            "description": "",
            "device_id": "300f8e9c-940d-471a-b24f-1a3138c8aaff",
            "device_owner": "compute:nova_production",
            "dns_assignment": [],
            "dns_name": "",
            "extra_dhcp_option": [],
            "fixed_ip": null,
            "id": "d6ca2691-f82b-4935-9576-ad9f6e07acf8",
            "mac_address": "fa:16:3e:e6:6f:f5",
            "name": "",
            "network_id": "fae1de2e-933a-4677-a99a-76eeab2f8406",
            "port_id": "d6ca2691-f82b-4935-9576-ad9f6e07acf8",
            "project_id": "d2eb04b1516f4d8bb957a347a9f23ba9",
            "region": "RegionOne",
            "security_group_ids": null,
            "status": null,
            "tags": null,
            "tenant_id": "d2eb04b1516f4d8bb957a347a9f23ba9"
          },
          "sensitive_attributes": [],
          "identity_schema_version": 0
        }
      ]
    },
    {
      "mode": "data",
      "type": "openstack_networking_port_v2",
      "name": "worker_port",
      "provider": "provider[\"registry.terraform.io/terraform-provider-openstack/openstack\"]",
      "instances": [
        {
          "index_key": 0,
          "schema_version": 0,
          "attributes": {
            "admin_state_up": true,
            "all_fixed_ips": [
              "10.180.1.170"
            ],
            "all_security_group_ids": [
              "a943459d-f664-404c-af75-6dd518d4781d"
            ],
            "all_tags": [],
            "allowed_address_pairs": [],
            "binding": [
              {
                "host_id": "compute12",
                "profile": "{}",
                "vif_details": {
                  "bound_drivers": "{\"0\":\"ovn\"}",
                  "bridge_name": "br-int",
                  "connectivity": "l2",
                  "datapath_type": "system",
                  "port_filter": "true"
                },
                "vif_type": "ovs",
                "vnic_type": "normal"
              }
            ],
            "description": "",
            "device_id": "36cf45b3-1d66-4217-8855-9ef88ca44992",
            "device_owner": "compute:nova_production",
            "dns_assignment": [],
            "dns_name": "",
            "extra_dhcp_option": [],
            "fixed_ip": null,
            "id": "0b1ab1e0-ac7b-41c6-8225-2bfa6272035c",
            "mac_address": "fa:16:3e:fa:d7:26",
            "name": "",
            "network_id": "fae1de2e-933a-4677-a99a-76eeab2f8406",
            "port_id": "0b1ab1e0-ac7b-41c6-8225-2bfa6272035c",
            "project_id": "d2eb04b1516f4d8bb957a347a9f23ba9",
            "region": "RegionOne",
            "security_group_ids": null,
            "status": null,
            "tags": null,
            "tenant_id": "d2eb04b1516f4d8bb957a347a9f23ba9"
          },
          "sensitive_attributes": [],
          "identity_schema_version": 0
        },
        {
          "index_key": 1,
          "schema_version": 0,
          "attributes": {
            "admin_state_up": true,
            "all_fixed_ips": [
              "10.180.1.178"
            ],
            "all_security_group_ids": [
              "a943459d-f664-404c-af75-6dd518d4781d"
            ],
            "all_tags": [],
            "allowed_address_pairs": [],
            "binding": [
              {
                "host_id": "compute12",
                "profile": "{}",
                "vif_details": {
                  "bound_drivers": "{\"0\":\"ovn\"}",
                  "bridge_name": "br-int",
                  "connectivity": "l2",
                  "datapath_type": "system",
                  "port_filter": "true"
                },
                "vif_type": "ovs",
                "vnic_type": "normal"
              }
            ],
            "description": "",
            "device_id": "681357aa-777a-4aa1-b5ef-01b2659aed51",
            "device_owner": "compute:nova_production",
            "dns_assignment": [],
            "dns_name": "",
            "extra_dhcp_option": [],
            "fixed_ip": null,
            "id": "877285b8-e9c4-47f2-b330-7d9cc659377c",
            "mac_address": "fa:16:3e:18:07:56",
            "name": "",
            "network_id": "fae1de2e-933a-4677-a99a-76eeab2f8406",
            "port_id": "877285b8-e9c4-47f2-b330-7d9cc659377c",
            "project_id": "d2eb04b1516f4d8bb957a347a9f23ba9",
            "region": "RegionOne",
            "security_group_ids": null,
            "status": null,
            "tags": null,
            "tenant_id": "d2eb04b1516f4d8bb957a347a9f23ba9"
          },
          "sensitive_attributes": [],
          "identity_schema_version": 0
        },
        {
          "index_key": 2,
          "schema_version": 0,
          "attributes": {
            "admin_state_up": true,
            "all_fixed_ips": [
              "10.180.1.227"
            ],
            "all_security_group_ids": [
              "a943459d-f664-404c-af75-6dd518d4781d"
            ],
            "all_tags": [],
            "allowed_address_pairs": [],
            "binding": [
              {
                "host_id": "compute12",
                "profile": "{}",
                "vif_details": {
                  "bound_drivers": "{\"0\":\"ovn\"}",
                  "bridge_name": "br-int",
                  "connectivity": "l2",
                  "datapath_type": "system",
                  "port_filter": "true"
                },
                "vif_type": "ovs",
                "vnic_type": "normal"
              }
            ],
            "description": "",
            "device_id": "317de3ff-b67b-47e2-98e8-1ca3ab071378",
            "device_owner": "compute:nova_production",
            "dns_assignment": [],
            "dns_name": "",
            "extra_dhcp_option": [],
            "fixed_ip": null,
            "id": "35139c9a-e310-4c8d-add6-ffa39afb748c",
            "mac_address": "fa:16:3e:69:10:8f",
            "name": "",
            "network_id": "fae1de2e-933a-4677-a99a-76eeab2f8406",
            "port_id": "35139c9a-e310-4c8d-add6-ffa39afb748c",
            "project_id": "d2eb04b1516f4d8bb957a347a9f23ba9",
            "region": "RegionOne",
            "security_group_ids": null,
            "status": null,
            "tags": null,
            "tenant_id": "d2eb04b1516f4d8bb957a347a9f23ba9"
          },
          "sensitive_attributes": [],
          "identity_schema_version": 0
        }
      ]
    },
    {
      "mode": "data",
      "type": "openstack_networking_subnet_v2",
      "name": "external_subnet",
      "provider": "provider[\"registry.terraform.io/terraform-provider-openstack/openstack\"]",
      "instances": [
        {
          "schema_version": 0,
          "attributes": {
            "all_tags": [],
            "allocation_pools": [
              {
                "end": "192.168.180.209",
                "start": "192.168.180.160"
              },
              {
                "end": "192.168.180.159",
                "start": "192.168.180.110"
              },
              {
                "end": "192.168.180.109",
                "start": "192.168.180.60"
              },
              {
                "end": "192.168.180.59",
                "start": "192.168.180.10"
              }
            ],
            "cidr": "192.168.180.0/24",
            "description": "",
            "dhcp_enabled": null,
            "dns_nameservers": [
              "192.168.176.17",
              "8.8.8.8"
            ],
            "dns_publish_fixed_ip": false,
            "enable_dhcp": true,
            "gateway_ip": "192.168.180.1",
            "host_routes": [],
            "id": "1f63377a-b785-4fef-980f-ba35ac30f2b1",
            "ip_version": 4,
            "ipv6_address_mode": "",
            "ipv6_ra_mode": "",
            "name": "ocr-cluster-net-ext-sub-192-168-180",
            "network_id": "765373d8-6982-40f4-9d58-b9fbc95f8d29",
            "region": "RegionOne",
            "segment_id": "",
            "service_types": [],
            "subnet_id": null,
            "subnetpool_id": "",
            "tags": null,
            "tenant_id": "d2eb04b1516f4d8bb957a347a9f23ba9"
          },
          "sensitive_attributes": [],
          "identity_schema_version": 0
        }
      ]
    },
    {
      "mode": "data",
      "type": "openstack_networking_subnet_v2",
      "name": "internal_subnet",
      "provider": "provider[\"registry.terraform.io/terraform-provider-openstack/openstack\"]",
      "instances": [
        {
          "schema_version": 0,
          "attributes": {
            "all_tags": [],
            "allocation_pools": [
              {
                "end": "10.180.1.254",
                "start": "10.180.1.2"
              }
            ],
            "cidr": "10.180.1.0/24",
            "description": "",
            "dhcp_enabled": null,
            "dns_nameservers": [
              "192.168.176.17",
              "8.8.8.8"
            ],
            "dns_publish_fixed_ip": false,
            "enable_dhcp": true,
            "gateway_ip": "10.180.1.1",
            "host_routes": [],
            "id": "60161c52-f90c-4855-a8b3-5ee9d5ebc766",
            "ip_version": 4,
            "ipv6_address_mode": "",
            "ipv6_ra_mode": "",
            "name": "ocr-cluster-net-int-sub-10-180-1",
            "network_id": "fae1de2e-933a-4677-a99a-76eeab2f8406",
            "region": "RegionOne",
            "segment_id": "",
            "service_types": [],
            "subnet_id": null,
            "subnetpool_id": "",
            "tags": null,
            "tenant_id": "d2eb04b1516f4d8bb957a347a9f23ba9"
          },
          "sensitive_attributes": [],
          "identity_schema_version": 0
        }
      ]
    },
    {
      "mode": "managed",
      "type": "openstack_blockstorage_volume_v3",
      "name": "master_vol",
      "provider": "provider[\"registry.terraform.io/terraform-provider-openstack/openstack\"]",
      "instances": [
        {
          "index_key": 0,
          "schema_version": 0,
          "attributes": {
            "attachment": [],
            "availability_zone": "nova",
            "backup_id": "",
            "consistency_group_id": null,
            "description": "",
            "enable_online_resize": null,
            "id": "e2b042d7-6411-4ac2-9984-cf5124eb1692",
            "image_id": null,
            "metadata": {},
            "name": "auto-kube-master-vol-0",
            "region": "RegionOne",
            "scheduler_hints": [],
            "size": 100,
            "snapshot_id": "",
            "source_replica": null,
            "source_vol_id": "",
            "timeouts": null,
            "volume_retype_policy": "never",
            "volume_type": "default-volume"
          },
          "sensitive_attributes": [],
          "identity_schema_version": 0,
          "private": "eyJlMmJmYjczMC1lY2FhLTExZTYtOGY4OC0zNDM2M2JjN2M0YzAiOnsiY3JlYXRlIjo2MDAwMDAwMDAwMDAsImRlbGV0ZSI6NjAwMDAwMDAwMDAwfX0="
        },
        {
          "index_key": 1,
          "schema_version": 0,
          "attributes": {
            "attachment": [],
            "availability_zone": "nova",
            "backup_id": "",
            "consistency_group_id": null,
            "description": "",
            "enable_online_resize": null,
            "id": "28eb2d30-0380-4a59-811c-7e8c2dbb18a4",
            "image_id": null,
            "metadata": {},
            "name": "auto-kube-master-vol-1",
            "region": "RegionOne",
            "scheduler_hints": [],
            "size": 100,
            "snapshot_id": "",
            "source_replica": null,
            "source_vol_id": "",
            "timeouts": null,
            "volume_retype_policy": "never",
            "volume_type": "default-volume"
          },
          "sensitive_attributes": [],
          "identity_schema_version": 0,
          "private": "eyJlMmJmYjczMC1lY2FhLTExZTYtOGY4OC0zNDM2M2JjN2M0YzAiOnsiY3JlYXRlIjo2MDAwMDAwMDAwMDAsImRlbGV0ZSI6NjAwMDAwMDAwMDAwfX0="
        },
        {
          "index_key": 2,
          "schema_version": 0,
          "attributes": {
            "attachment": [],
            "availability_zone": "nova",
            "backup_id": "",
            "consistency_group_id": null,
            "description": "",
            "enable_online_resize": null,
            "id": "df536f59-e899-4fb6-ab32-62cfd3b52698",
            "image_id": null,
            "metadata": {},
            "name": "auto-kube-master-vol-2",
            "region": "RegionOne",
            "scheduler_hints": [],
            "size": 100,
            "snapshot_id": "",
            "source_replica": null,
            "source_vol_id": "",
            "timeouts": null,
            "volume_retype_policy": "never",
            "volume_type": "default-volume"
          },
          "sensitive_attributes": [],
          "identity_schema_version": 0,
          "private": "eyJlMmJmYjczMC1lY2FhLTExZTYtOGY4OC0zNDM2M2JjN2M0YzAiOnsiY3JlYXRlIjo2MDAwMDAwMDAwMDAsImRlbGV0ZSI6NjAwMDAwMDAwMDAwfX0="
        }
      ]
    },
    {
      "mode": "managed",
      "type": "openstack_blockstorage_volume_v3",
      "name": "worker_vol",
      "provider": "provider[\"registry.terraform.io/terraform-provider-openstack/openstack\"]",
      "instances": [
        {
          "index_key": 0,
          "schema_version": 0,
          "attributes": {
            "attachment": [],
            "availability_zone": "nova",
            "backup_id": "",
            "consistency_group_id": null,
            "description": "",
            "enable_online_resize": null,
            "id": "8112b820-7aa6-40a5-8a95-a526bfa5e01c",
            "image_id": null,
            "metadata": {},
            "name": "auto-kube-worker-vol-0",
            "region": "RegionOne",
            "scheduler_hints": [],
            "size": 100,
            "snapshot_id": "",
            "source_replica": null,
            "source_vol_id": "",
            "timeouts": null,
            "volume_retype_policy": "never",
            "volume_type": "default-volume"
          },
          "sensitive_attributes": [],
          "identity_schema_version": 0,
          "private": "eyJlMmJmYjczMC1lY2FhLTExZTYtOGY4OC0zNDM2M2JjN2M0YzAiOnsiY3JlYXRlIjo2MDAwMDAwMDAwMDAsImRlbGV0ZSI6NjAwMDAwMDAwMDAwfX0="
        },
        {
          "index_key": 1,
          "schema_version": 0,
          "attributes": {
            "attachment": [],
            "availability_zone": "nova",
            "backup_id": "",
            "consistency_group_id": null,
            "description": "",
            "enable_online_resize": null,
            "id": "af471b62-472b-4016-ac12-39e1c5d0a2cd",
            "image_id": null,
            "metadata": {},
            "name": "auto-kube-worker-vol-1",
            "region": "RegionOne",
            "scheduler_hints": [],
            "size": 100,
            "snapshot_id": "",
            "source_replica": null,
            "source_vol_id": "",
            "timeouts": null,
            "volume_retype_policy": "never",
            "volume_type": "default-volume"
          },
          "sensitive_attributes": [],
          "identity_schema_version": 0,
          "private": "eyJlMmJmYjczMC1lY2FhLTExZTYtOGY4OC0zNDM2M2JjN2M0YzAiOnsiY3JlYXRlIjo2MDAwMDAwMDAwMDAsImRlbGV0ZSI6NjAwMDAwMDAwMDAwfX0="
        },
        {
          "index_key": 2,
          "schema_version": 0,
          "attributes": {
            "attachment": [],
            "availability_zone": "nova",
            "backup_id": "",
            "consistency_group_id": null,
            "description": "",
            "enable_online_resize": null,
            "id": "09072330-bb55-41d6-a023-e74eb7a212cc",
            "image_id": null,
            "metadata": {},
            "name": "auto-kube-worker-vol-2",
            "region": "RegionOne",
            "scheduler_hints": [],
            "size": 100,
            "snapshot_id": "",
            "source_replica": null,
            "source_vol_id": "",
            "timeouts": null,
            "volume_retype_policy": "never",
            "volume_type": "default-volume"
          },
          "sensitive_attributes": [],
          "identity_schema_version": 0,
          "private": "eyJlMmJmYjczMC1lY2FhLTExZTYtOGY4OC0zNDM2M2JjN2M0YzAiOnsiY3JlYXRlIjo2MDAwMDAwMDAwMDAsImRlbGV0ZSI6NjAwMDAwMDAwMDAwfX0="
        }
      ]
    },
    {
      "mode": "managed",
      "type": "openstack_compute_instance_v2",
      "name": "master",
      "provider": "provider[\"registry.terraform.io/terraform-provider-openstack/openstack\"]",
      "instances": [
        {
          "index_key": 0,
          "schema_version": 0,
          "attributes": {
            "access_ip_v4": "10.180.1.225",
            "access_ip_v6": "",
            "admin_pass": null,
            "all_metadata": {},
            "all_tags": [],
            "availability_zone": "nova_production",
            "availability_zone_hints": null,
            "block_device": [
              {
                "boot_index": 0,
                "delete_on_termination": true,
                "destination_type": "volume",
                "device_type": "",
                "disk_bus": "",
                "guest_format": "",
                "multiattach": false,
                "source_type": "image",
                "uuid": "35e672a6-222a-4826-9eaa-5bacc87a3562",
                "volume_size": 50,
                "volume_type": "rbd-production"
              }
            ],
            "config_drive": null,
            "created": "2026-01-27 05:48:27 +0000 UTC",
            "flavor_id": "1d3e8032-cb4b-451d-8411-ae288a3cdccf",
            "flavor_name": "high-performance-4vcpu-16gb-40gb",
            "force_delete": false,
            "hypervisor_hostname": "compute12",
            "id": "247a6982-6047-4c47-908d-7478f31f9d8a",
            "image_id": "Attempt to boot from volume - no image supplied",
            "image_name": null,
            "key_pair": "esec-master",
            "metadata": null,
            "name": "auto-kube-master-0",
            "network": [
              {
                "access_network": false,
                "fixed_ip_v4": "10.180.1.225",
                "fixed_ip_v6": "",
                "mac": "fa:16:3e:ca:3d:8a",
                "name": "ocr-cluster-net-int-10-180-1",
                "port": "",
                "uuid": "fae1de2e-933a-4677-a99a-76eeab2f8406"
              }
            ],
            "network_mode": null,
            "personality": [],
            "power_state": "active",
            "region": "RegionOne",
            "scheduler_hints": [],
            "security_groups": [
              "auto-kube-master-sg"
            ],
            "stop_before_destroy": false,
            "tags": null,
            "timeouts": null,
            "updated": "2026-01-27 05:49:46 +0000 UTC",
            "user_data": "b105724e1a1b7f4b2f4e9273a53a7bac96c3117d",
            "vendor_options": []
          },
          "sensitive_attributes": [
            [
              {
                "type": "get_attr",
                "value": "admin_pass"
              }
            ]
          ],
          "identity_schema_version": 0,
          "private": "eyJlMmJmYjczMC1lY2FhLTExZTYtOGY4OC0zNDM2M2JjN2M0YzAiOnsiY3JlYXRlIjoxODAwMDAwMDAwMDAwLCJkZWxldGUiOjE4MDAwMDAwMDAwMDAsInVwZGF0ZSI6MTgwMDAwMDAwMDAwMH19",
          "dependencies": [
            "data.openstack_images_image_v2.image",
            "openstack_blockstorage_volume_v3.master_vol",
            "openstack_networking_secgroup_v2.master_sg"
          ]
        },
        {
          "index_key": 1,
          "schema_version": 0,
          "attributes": {
            "access_ip_v4": "10.180.1.33",
            "access_ip_v6": "",
            "admin_pass": null,
            "all_metadata": {},
            "all_tags": [],
            "availability_zone": "nova_production",
            "availability_zone_hints": null,
            "block_device": [
              {
                "boot_index": 0,
                "delete_on_termination": true,
                "destination_type": "volume",
                "device_type": "",
                "disk_bus": "",
                "guest_format": "",
                "multiattach": false,
                "source_type": "image",
                "uuid": "35e672a6-222a-4826-9eaa-5bacc87a3562",
                "volume_size": 50,
                "volume_type": "rbd-production"
              }
            ],
            "config_drive": null,
            "created": "2026-01-27 05:48:26 +0000 UTC",
            "flavor_id": "1d3e8032-cb4b-451d-8411-ae288a3cdccf",
            "flavor_name": "high-performance-4vcpu-16gb-40gb",
            "force_delete": false,
            "hypervisor_hostname": "compute12",
            "id": "09b1a2e5-fe14-443f-9c26-a16092ebc57d",
            "image_id": "Attempt to boot from volume - no image supplied",
            "image_name": null,
            "key_pair": "esec-master",
            "metadata": null,
            "name": "auto-kube-master-1",
            "network": [
              {
                "access_network": false,
                "fixed_ip_v4": "10.180.1.33",
                "fixed_ip_v6": "",
                "mac": "fa:16:3e:82:e4:4b",
                "name": "ocr-cluster-net-int-10-180-1",
                "port": "",
                "uuid": "fae1de2e-933a-4677-a99a-76eeab2f8406"
              }
            ],
            "network_mode": null,
            "personality": [],
            "power_state": "active",
            "region": "RegionOne",
            "scheduler_hints": [],
            "security_groups": [
              "auto-kube-master-sg"
            ],
            "stop_before_destroy": false,
            "tags": null,
            "timeouts": null,
            "updated": "2026-01-27 05:49:38 +0000 UTC",
            "user_data": "ebc3e8deec0f3ccea391c6651e7a7c0ec1d1244b",
            "vendor_options": []
          },
          "sensitive_attributes": [
            [
              {
                "type": "get_attr",
                "value": "admin_pass"
              }
            ]
          ],
          "identity_schema_version": 0,
          "private": "eyJlMmJmYjczMC1lY2FhLTExZTYtOGY4OC0zNDM2M2JjN2M0YzAiOnsiY3JlYXRlIjoxODAwMDAwMDAwMDAwLCJkZWxldGUiOjE4MDAwMDAwMDAwMDAsInVwZGF0ZSI6MTgwMDAwMDAwMDAwMH19",
          "dependencies": [
            "data.openstack_images_image_v2.image",
            "openstack_blockstorage_volume_v3.master_vol",
            "openstack_networking_secgroup_v2.master_sg"
          ]
        },
        {
          "index_key": 2,
          "schema_version": 0,
          "attributes": {
            "access_ip_v4": "10.180.1.234",
            "access_ip_v6": "",
            "admin_pass": null,
            "all_metadata": {},
            "all_tags": [],
            "availability_zone": "nova_production",
            "availability_zone_hints": null,
            "block_device": [
              {
                "boot_index": 0,
                "delete_on_termination": true,
                "destination_type": "volume",
                "device_type": "",
                "disk_bus": "",
                "guest_format": "",
                "multiattach": false,
                "source_type": "image",
                "uuid": "35e672a6-222a-4826-9eaa-5bacc87a3562",
                "volume_size": 50,
                "volume_type": "rbd-production"
              }
            ],
            "config_drive": null,
            "created": "2026-01-27 05:48:26 +0000 UTC",
            "flavor_id": "1d3e8032-cb4b-451d-8411-ae288a3cdccf",
            "flavor_name": "high-performance-4vcpu-16gb-40gb",
            "force_delete": false,
            "hypervisor_hostname": "compute12",
            "id": "300f8e9c-940d-471a-b24f-1a3138c8aaff",
            "image_id": "Attempt to boot from volume - no image supplied",
            "image_name": null,
            "key_pair": "esec-master",
            "metadata": null,
            "name": "auto-kube-master-2",
            "network": [
              {
                "access_network": false,
                "fixed_ip_v4": "10.180.1.234",
                "fixed_ip_v6": "",
                "mac": "fa:16:3e:e6:6f:f5",
                "name": "ocr-cluster-net-int-10-180-1",
                "port": "",
                "uuid": "fae1de2e-933a-4677-a99a-76eeab2f8406"
              }
            ],
            "network_mode": null,
            "personality": [],
            "power_state": "active",
            "region": "RegionOne",
            "scheduler_hints": [],
            "security_groups": [
              "auto-kube-master-sg"
            ],
            "stop_before_destroy": false,
            "tags": null,
            "timeouts": null,
            "updated": "2026-01-27 05:49:33 +0000 UTC",
            "user_data": "9a6425694442e4603541462a4049dae2c7419fbe",
            "vendor_options": []
          },
          "sensitive_attributes": [
            [
              {
                "type": "get_attr",
                "value": "admin_pass"
              }
            ]
          ],
          "identity_schema_version": 0,
          "private": "eyJlMmJmYjczMC1lY2FhLTExZTYtOGY4OC0zNDM2M2JjN2M0YzAiOnsiY3JlYXRlIjoxODAwMDAwMDAwMDAwLCJkZWxldGUiOjE4MDAwMDAwMDAwMDAsInVwZGF0ZSI6MTgwMDAwMDAwMDAwMH19",
          "dependencies": [
            "data.openstack_images_image_v2.image",
            "openstack_blockstorage_volume_v3.master_vol",
            "openstack_networking_secgroup_v2.master_sg"
          ]
        }
      ]
    },
    {
      "mode": "managed",
      "type": "openstack_compute_instance_v2",
      "name": "worker",
      "provider": "provider[\"registry.terraform.io/terraform-provider-openstack/openstack\"]",
      "instances": [
        {
          "index_key": 0,
          "schema_version": 0,
          "attributes": {
            "access_ip_v4": "10.180.1.170",
            "access_ip_v6": "",
            "admin_pass": null,
            "all_metadata": {},
            "all_tags": [],
            "availability_zone": "nova_production",
            "availability_zone_hints": null,
            "block_device": [
              {
                "boot_index": 0,
                "delete_on_termination": true,
                "destination_type": "volume",
                "device_type": "",
                "disk_bus": "",
                "guest_format": "",
                "multiattach": false,
                "source_type": "image",
                "uuid": "35e672a6-222a-4826-9eaa-5bacc87a3562",
                "volume_size": 50,
                "volume_type": "rbd-production"
              }
            ],
            "config_drive": null,
            "created": "2026-01-27 05:48:26 +0000 UTC",
            "flavor_id": "1ccbb95b-0db6-4d26-92da-7921e9712c2a",
            "flavor_name": "memory-8vcpu-32gb-20gb",
            "force_delete": false,
            "hypervisor_hostname": "compute12",
            "id": "36cf45b3-1d66-4217-8855-9ef88ca44992",
            "image_id": "Attempt to boot from volume - no image supplied",
            "image_name": null,
            "key_pair": "esec-master",
            "metadata": null,
            "name": "auto-kube-worker-0",
            "network": [
              {
                "access_network": false,
                "fixed_ip_v4": "10.180.1.170",
                "fixed_ip_v6": "",
                "mac": "fa:16:3e:fa:d7:26",
                "name": "ocr-cluster-net-int-10-180-1",
                "port": "",
                "uuid": "fae1de2e-933a-4677-a99a-76eeab2f8406"
              }
            ],
            "network_mode": null,
            "personality": [],
            "power_state": "active",
            "region": "RegionOne",
            "scheduler_hints": [],
            "security_groups": [
              "auto-kube-worker-sg"
            ],
            "stop_before_destroy": false,
            "tags": null,
            "timeouts": null,
            "updated": "2026-01-27 05:49:14 +0000 UTC",
            "user_data": "43eb4231e29bb4726dc3e33f01163a9e73084422",
            "vendor_options": []
          },
          "sensitive_attributes": [
            [
              {
                "type": "get_attr",
                "value": "admin_pass"
              }
            ]
          ],
          "identity_schema_version": 0,
          "private": "eyJlMmJmYjczMC1lY2FhLTExZTYtOGY4OC0zNDM2M2JjN2M0YzAiOnsiY3JlYXRlIjoxODAwMDAwMDAwMDAwLCJkZWxldGUiOjE4MDAwMDAwMDAwMDAsInVwZGF0ZSI6MTgwMDAwMDAwMDAwMH19",
          "dependencies": [
            "data.openstack_images_image_v2.image",
            "openstack_blockstorage_volume_v3.worker_vol",
            "openstack_networking_secgroup_v2.worker_sg"
          ]
        },
        {
          "index_key": 1,
          "schema_version": 0,
          "attributes": {
            "access_ip_v4": "10.180.1.178",
            "access_ip_v6": "",
            "admin_pass": null,
            "all_metadata": {},
            "all_tags": [],
            "availability_zone": "nova_production",
            "availability_zone_hints": null,
            "block_device": [
              {
                "boot_index": 0,
                "delete_on_termination": true,
                "destination_type": "volume",
                "device_type": "",
                "disk_bus": "",
                "guest_format": "",
                "multiattach": false,
                "source_type": "image",
                "uuid": "35e672a6-222a-4826-9eaa-5bacc87a3562",
                "volume_size": 50,
                "volume_type": "rbd-production"
              }
            ],
            "config_drive": null,
            "created": "2026-01-27 05:48:26 +0000 UTC",
            "flavor_id": "1ccbb95b-0db6-4d26-92da-7921e9712c2a",
            "flavor_name": "memory-8vcpu-32gb-20gb",
            "force_delete": false,
            "hypervisor_hostname": "compute12",
            "id": "681357aa-777a-4aa1-b5ef-01b2659aed51",
            "image_id": "Attempt to boot from volume - no image supplied",
            "image_name": null,
            "key_pair": "esec-master",
            "metadata": null,
            "name": "auto-kube-worker-1",
            "network": [
              {
                "access_network": false,
                "fixed_ip_v4": "10.180.1.178",
                "fixed_ip_v6": "",
                "mac": "fa:16:3e:18:07:56",
                "name": "ocr-cluster-net-int-10-180-1",
                "port": "",
                "uuid": "fae1de2e-933a-4677-a99a-76eeab2f8406"
              }
            ],
            "network_mode": null,
            "personality": [],
            "power_state": "active",
            "region": "RegionOne",
            "scheduler_hints": [],
            "security_groups": [
              "auto-kube-worker-sg"
            ],
            "stop_before_destroy": false,
            "tags": null,
            "timeouts": null,
            "updated": "2026-01-27 05:49:22 +0000 UTC",
            "user_data": "8b235a7ad204e20ce692257da1c955901e86d24a",
            "vendor_options": []
          },
          "sensitive_attributes": [
            [
              {
                "type": "get_attr",
                "value": "admin_pass"
              }
            ]
          ],
          "identity_schema_version": 0,
          "private": "eyJlMmJmYjczMC1lY2FhLTExZTYtOGY4OC0zNDM2M2JjN2M0YzAiOnsiY3JlYXRlIjoxODAwMDAwMDAwMDAwLCJkZWxldGUiOjE4MDAwMDAwMDAwMDAsInVwZGF0ZSI6MTgwMDAwMDAwMDAwMH19",
          "dependencies": [
            "data.openstack_images_image_v2.image",
            "openstack_blockstorage_volume_v3.worker_vol",
            "openstack_networking_secgroup_v2.worker_sg"
          ]
        },
        {
          "index_key": 2,
          "schema_version": 0,
          "attributes": {
            "access_ip_v4": "10.180.1.227",
            "access_ip_v6": "",
            "admin_pass": null,
            "all_metadata": {},
            "all_tags": [],
            "availability_zone": "nova_production",
            "availability_zone_hints": null,
            "block_device": [
              {
                "boot_index": 0,
                "delete_on_termination": true,
                "destination_type": "volume",
                "device_type": "",
                "disk_bus": "",
                "guest_format": "",
                "multiattach": false,
                "source_type": "image",
                "uuid": "35e672a6-222a-4826-9eaa-5bacc87a3562",
                "volume_size": 50,
                "volume_type": "rbd-production"
              }
            ],
            "config_drive": null,
            "created": "2026-01-27 05:48:26 +0000 UTC",
            "flavor_id": "1ccbb95b-0db6-4d26-92da-7921e9712c2a",
            "flavor_name": "memory-8vcpu-32gb-20gb",
            "force_delete": false,
            "hypervisor_hostname": "compute12",
            "id": "317de3ff-b67b-47e2-98e8-1ca3ab071378",
            "image_id": "Attempt to boot from volume - no image supplied",
            "image_name": null,
            "key_pair": "esec-master",
            "metadata": null,
            "name": "auto-kube-worker-2",
            "network": [
              {
                "access_network": false,
                "fixed_ip_v4": "10.180.1.227",
                "fixed_ip_v6": "",
                "mac": "fa:16:3e:69:10:8f",
                "name": "ocr-cluster-net-int-10-180-1",
                "port": "",
                "uuid": "fae1de2e-933a-4677-a99a-76eeab2f8406"
              }
            ],
            "network_mode": null,
            "personality": [],
            "power_state": "active",
            "region": "RegionOne",
            "scheduler_hints": [],
            "security_groups": [
              "auto-kube-worker-sg"
            ],
            "stop_before_destroy": false,
            "tags": null,
            "timeouts": null,
            "updated": "2026-01-27 05:49:30 +0000 UTC",
            "user_data": "99ecbc81bbfec0e23cb29c7b817959664e3fba46",
            "vendor_options": []
          },
          "sensitive_attributes": [
            [
              {
                "type": "get_attr",
                "value": "admin_pass"
              }
            ]
          ],
          "identity_schema_version": 0,
          "private": "eyJlMmJmYjczMC1lY2FhLTExZTYtOGY4OC0zNDM2M2JjN2M0YzAiOnsiY3JlYXRlIjoxODAwMDAwMDAwMDAwLCJkZWxldGUiOjE4MDAwMDAwMDAwMDAsInVwZGF0ZSI6MTgwMDAwMDAwMDAwMH19",
          "dependencies": [
            "data.openstack_images_image_v2.image",
            "openstack_blockstorage_volume_v3.worker_vol",
            "openstack_networking_secgroup_v2.worker_sg"
          ]
        }
      ]
    },
    {
      "mode": "managed",
      "type": "openstack_compute_volume_attach_v2",
      "name": "master_attach",
      "provider": "provider[\"registry.terraform.io/terraform-provider-openstack/openstack\"]",
      "instances": [
        {
          "index_key": 0,
          "schema_version": 0,
          "attributes": {
            "device": "/dev/vdb",
            "id": "247a6982-6047-4c47-908d-7478f31f9d8a/e2b042d7-6411-4ac2-9984-cf5124eb1692",
            "instance_id": "247a6982-6047-4c47-908d-7478f31f9d8a",
            "multiattach": null,
            "region": "RegionOne",
            "tag": null,
            "timeouts": null,
            "vendor_options": [],
            "volume_id": "e2b042d7-6411-4ac2-9984-cf5124eb1692"
          },
          "sensitive_attributes": [],
          "identity_schema_version": 0,
          "private": "eyJlMmJmYjczMC1lY2FhLTExZTYtOGY4OC0zNDM2M2JjN2M0YzAiOnsiY3JlYXRlIjo2MDAwMDAwMDAwMDAsImRlbGV0ZSI6NjAwMDAwMDAwMDAwfX0=",
          "dependencies": [
            "data.openstack_images_image_v2.image",
            "openstack_blockstorage_volume_v3.master_vol",
            "openstack_compute_instance_v2.master",
            "openstack_networking_secgroup_v2.master_sg"
          ]
        },
        {
          "index_key": 1,
          "schema_version": 0,
          "attributes": {
            "device": "/dev/vdb",
            "id": "09b1a2e5-fe14-443f-9c26-a16092ebc57d/28eb2d30-0380-4a59-811c-7e8c2dbb18a4",
            "instance_id": "09b1a2e5-fe14-443f-9c26-a16092ebc57d",
            "multiattach": null,
            "region": "RegionOne",
            "tag": null,
            "timeouts": null,
            "vendor_options": [],
            "volume_id": "28eb2d30-0380-4a59-811c-7e8c2dbb18a4"
          },
          "sensitive_attributes": [],
          "identity_schema_version": 0,
          "private": "eyJlMmJmYjczMC1lY2FhLTExZTYtOGY4OC0zNDM2M2JjN2M0YzAiOnsiY3JlYXRlIjo2MDAwMDAwMDAwMDAsImRlbGV0ZSI6NjAwMDAwMDAwMDAwfX0=",
          "dependencies": [
            "data.openstack_images_image_v2.image",
            "openstack_blockstorage_volume_v3.master_vol",
            "openstack_compute_instance_v2.master",
            "openstack_networking_secgroup_v2.master_sg"
          ]
        },
        {
          "index_key": 2,
          "schema_version": 0,
          "attributes": {
            "device": "/dev/vdb",
            "id": "300f8e9c-940d-471a-b24f-1a3138c8aaff/df536f59-e899-4fb6-ab32-62cfd3b52698",
            "instance_id": "300f8e9c-940d-471a-b24f-1a3138c8aaff",
            "multiattach": null,
            "region": "RegionOne",
            "tag": null,
            "timeouts": null,
            "vendor_options": [],
            "volume_id": "df536f59-e899-4fb6-ab32-62cfd3b52698"
          },
          "sensitive_attributes": [],
          "identity_schema_version": 0,
          "private": "eyJlMmJmYjczMC1lY2FhLTExZTYtOGY4OC0zNDM2M2JjN2M0YzAiOnsiY3JlYXRlIjo2MDAwMDAwMDAwMDAsImRlbGV0ZSI6NjAwMDAwMDAwMDAwfX0=",
          "dependencies": [
            "data.openstack_images_image_v2.image",
            "openstack_blockstorage_volume_v3.master_vol",
            "openstack_compute_instance_v2.master",
            "openstack_networking_secgroup_v2.master_sg"
          ]
        }
      ]
    },
    {
      "mode": "managed",
      "type": "openstack_compute_volume_attach_v2",
      "name": "worker_attach",
      "provider": "provider[\"registry.terraform.io/terraform-provider-openstack/openstack\"]",
      "instances": [
        {
          "index_key": 0,
          "schema_version": 0,
          "attributes": {
            "device": "/dev/vdb",
            "id": "36cf45b3-1d66-4217-8855-9ef88ca44992/8112b820-7aa6-40a5-8a95-a526bfa5e01c",
            "instance_id": "36cf45b3-1d66-4217-8855-9ef88ca44992",
            "multiattach": null,
            "region": "RegionOne",
            "tag": null,
            "timeouts": null,
            "vendor_options": [],
            "volume_id": "8112b820-7aa6-40a5-8a95-a526bfa5e01c"
          },
          "sensitive_attributes": [],
          "identity_schema_version": 0,
          "private": "eyJlMmJmYjczMC1lY2FhLTExZTYtOGY4OC0zNDM2M2JjN2M0YzAiOnsiY3JlYXRlIjo2MDAwMDAwMDAwMDAsImRlbGV0ZSI6NjAwMDAwMDAwMDAwfX0=",
          "dependencies": [
            "data.openstack_images_image_v2.image",
            "openstack_blockstorage_volume_v3.worker_vol",
            "openstack_compute_instance_v2.worker",
            "openstack_networking_secgroup_v2.worker_sg"
          ]
        },
        {
          "index_key": 1,
          "schema_version": 0,
          "attributes": {
            "device": "/dev/vdb",
            "id": "681357aa-777a-4aa1-b5ef-01b2659aed51/af471b62-472b-4016-ac12-39e1c5d0a2cd",
            "instance_id": "681357aa-777a-4aa1-b5ef-01b2659aed51",
            "multiattach": null,
            "region": "RegionOne",
            "tag": null,
            "timeouts": null,
            "vendor_options": [],
            "volume_id": "af471b62-472b-4016-ac12-39e1c5d0a2cd"
          },
          "sensitive_attributes": [],
          "identity_schema_version": 0,
          "private": "eyJlMmJmYjczMC1lY2FhLTExZTYtOGY4OC0zNDM2M2JjN2M0YzAiOnsiY3JlYXRlIjo2MDAwMDAwMDAwMDAsImRlbGV0ZSI6NjAwMDAwMDAwMDAwfX0=",
          "dependencies": [
            "data.openstack_images_image_v2.image",
            "openstack_blockstorage_volume_v3.worker_vol",
            "openstack_compute_instance_v2.worker",
            "openstack_networking_secgroup_v2.worker_sg"
          ]
        },
        {
          "index_key": 2,
          "schema_version": 0,
          "attributes": {
            "device": "/dev/vdb",
            "id": "317de3ff-b67b-47e2-98e8-1ca3ab071378/09072330-bb55-41d6-a023-e74eb7a212cc",
            "instance_id": "317de3ff-b67b-47e2-98e8-1ca3ab071378",
            "multiattach": null,
            "region": "RegionOne",
            "tag": null,
            "timeouts": null,
            "vendor_options": [],
            "volume_id": "09072330-bb55-41d6-a023-e74eb7a212cc"
          },
          "sensitive_attributes": [],
          "identity_schema_version": 0,
          "private": "eyJlMmJmYjczMC1lY2FhLTExZTYtOGY4OC0zNDM2M2JjN2M0YzAiOnsiY3JlYXRlIjo2MDAwMDAwMDAwMDAsImRlbGV0ZSI6NjAwMDAwMDAwMDAwfX0=",
          "dependencies": [
            "data.openstack_images_image_v2.image",
            "openstack_blockstorage_volume_v3.worker_vol",
            "openstack_compute_instance_v2.worker",
            "openstack_networking_secgroup_v2.worker_sg"
          ]
        }
      ]
    },
    {
      "mode": "managed",
      "type": "openstack_lb_listener_v2",
      "name": "master_listener",
      "provider": "provider[\"registry.terraform.io/terraform-provider-openstack/openstack\"]",
      "instances": [
        {
          "index_key": 0,
          "schema_version": 0,
          "attributes": {
            "admin_state_up": true,
            "allowed_cidrs": null,
            "alpn_protocols": [],
            "client_authentication": "NONE",
            "client_ca_tls_container_ref": "",
            "client_crl_container_ref": "",
            "connection_limit": -1,
            "default_pool_id": "",
            "default_tls_container_ref": "",
            "description": "",
            "hsts_include_subdomains": false,
            "hsts_max_age": 0,
            "hsts_preload": false,
            "id": "47c16a0f-8dd1-4fd4-9b2c-994be6b7925c",
            "insert_headers": null,
            "loadbalancer_id": "73835e2b-f9f9-479d-9065-5882ca72ce1a",
            "name": "auto-kube-master-listener",
            "protocol": "TCP",
            "protocol_port": 6443,
            "region": "RegionOne",
            "sni_container_refs": null,
            "tags": null,
            "tenant_id": "d2eb04b1516f4d8bb957a347a9f23ba9",
            "timeout_client_data": 50000,
            "timeout_member_connect": 5000,
            "timeout_member_data": 50000,
            "timeout_tcp_inspect": 0,
            "timeouts": null,
            "tls_ciphers": "",
            "tls_versions": []
          },
          "sensitive_attributes": [],
          "identity_schema_version": 0,
          "private": "eyJlMmJmYjczMC1lY2FhLTExZTYtOGY4OC0zNDM2M2JjN2M0YzAiOnsiY3JlYXRlIjo2MDAwMDAwMDAwMDAsImRlbGV0ZSI6NjAwMDAwMDAwMDAwLCJ1cGRhdGUiOjYwMDAwMDAwMDAwMH19",
          "dependencies": [
            "data.openstack_networking_network_v2.external",
            "data.openstack_networking_subnet_v2.external_subnet",
            "openstack_lb_loadbalancer_v2.master_lb",
            "openstack_networking_secgroup_v2.lb_sg"
          ]
        }
      ]
    },
    {
      "mode": "managed",
      "type": "openstack_lb_listener_v2",
      "name": "worker_listener",
      "provider": "provider[\"registry.terraform.io/terraform-provider-openstack/openstack\"]",
      "instances": [
        {
          "index_key": 0,
          "schema_version": 0,
          "attributes": {
            "admin_state_up": true,
            "allowed_cidrs": null,
            "alpn_protocols": [],
            "client_authentication": "NONE",
            "client_ca_tls_container_ref": "",
            "client_crl_container_ref": "",
            "connection_limit": -1,
            "default_pool_id": "",
            "default_tls_container_ref": "",
            "description": "",
            "hsts_include_subdomains": false,
            "hsts_max_age": 0,
            "hsts_preload": false,
            "id": "d60a49e2-5f7e-46c9-96e0-873d3d49bf33",
            "insert_headers": null,
            "loadbalancer_id": "42331c69-45a8-4876-a323-a5415ff8b161",
            "name": "auto-kube-worker-listener",
            "protocol": "TCP",
            "protocol_port": 80,
            "region": "RegionOne",
            "sni_container_refs": null,
            "tags": null,
            "tenant_id": "d2eb04b1516f4d8bb957a347a9f23ba9",
            "timeout_client_data": 50000,
            "timeout_member_connect": 5000,
            "timeout_member_data": 50000,
            "timeout_tcp_inspect": 0,
            "timeouts": null,
            "tls_ciphers": "",
            "tls_versions": []
          },
          "sensitive_attributes": [],
          "identity_schema_version": 0,
          "private": "eyJlMmJmYjczMC1lY2FhLTExZTYtOGY4OC0zNDM2M2JjN2M0YzAiOnsiY3JlYXRlIjo2MDAwMDAwMDAwMDAsImRlbGV0ZSI6NjAwMDAwMDAwMDAwLCJ1cGRhdGUiOjYwMDAwMDAwMDAwMH19",
          "dependencies": [
            "data.openstack_networking_network_v2.external",
            "data.openstack_networking_subnet_v2.external_subnet",
            "openstack_lb_loadbalancer_v2.worker_lb",
            "openstack_networking_secgroup_v2.lb_sg"
          ]
        }
      ]
    },
    {
      "mode": "managed",
      "type": "openstack_lb_loadbalancer_v2",
      "name": "master_lb",
      "provider": "provider[\"registry.terraform.io/terraform-provider-openstack/openstack\"]",
      "instances": [
        {
          "index_key": 0,
          "schema_version": 0,
          "attributes": {
            "admin_state_up": true,
            "availability_zone": "",
            "description": "",
            "flavor_id": "",
            "id": "73835e2b-f9f9-479d-9065-5882ca72ce1a",
            "loadbalancer_provider": "amphora",
            "name": "auto-kube-master-lb",
            "region": "RegionOne",
            "security_group_ids": [
              "a60085d1-8276-4023-bbeb-0dd8d51e713f"
            ],
            "tags": null,
            "tenant_id": "d2eb04b1516f4d8bb957a347a9f23ba9",
            "timeouts": {
              "create": "15m",
              "delete": "15m",
              "update": null
            },
            "vip_address": "192.168.180.54",
            "vip_network_id": "765373d8-6982-40f4-9d58-b9fbc95f8d29",
            "vip_port_id": "6d725593-ba30-4e4c-90ed-95da6f72c0a3",
            "vip_qos_policy_id": "",
            "vip_subnet_id": "1f63377a-b785-4fef-980f-ba35ac30f2b1"
          },
          "sensitive_attributes": [],
          "identity_schema_version": 0,
          "private": "eyJlMmJmYjczMC1lY2FhLTExZTYtOGY4OC0zNDM2M2JjN2M0YzAiOnsiY3JlYXRlIjo5MDAwMDAwMDAwMDAsImRlbGV0ZSI6OTAwMDAwMDAwMDAwLCJ1cGRhdGUiOjYwMDAwMDAwMDAwMH19",
          "dependencies": [
            "data.openstack_networking_network_v2.external",
            "data.openstack_networking_subnet_v2.external_subnet",
            "openstack_networking_secgroup_v2.lb_sg"
          ]
        }
      ]
    },
    {
      "mode": "managed",
      "type": "openstack_lb_loadbalancer_v2",
      "name": "worker_lb",
      "provider": "provider[\"registry.terraform.io/terraform-provider-openstack/openstack\"]",
      "instances": [
        {
          "index_key": 0,
          "schema_version": 0,
          "attributes": {
            "admin_state_up": true,
            "availability_zone": "",
            "description": "",
            "flavor_id": "",
            "id": "42331c69-45a8-4876-a323-a5415ff8b161",
            "loadbalancer_provider": "amphora",
            "name": "auto-kube-worker-lb",
            "region": "RegionOne",
            "security_group_ids": [
              "a60085d1-8276-4023-bbeb-0dd8d51e713f"
            ],
            "tags": null,
            "tenant_id": "d2eb04b1516f4d8bb957a347a9f23ba9",
            "timeouts": {
              "create": "15m",
              "delete": "15m",
              "update": null
            },
            "vip_address": "192.168.180.27",
            "vip_network_id": "765373d8-6982-40f4-9d58-b9fbc95f8d29",
            "vip_port_id": "b2698365-6134-497b-bc22-296e58140fc6",
            "vip_qos_policy_id": "",
            "vip_subnet_id": "1f63377a-b785-4fef-980f-ba35ac30f2b1"
          },
          "sensitive_attributes": [],
          "identity_schema_version": 0,
          "private": "eyJlMmJmYjczMC1lY2FhLTExZTYtOGY4OC0zNDM2M2JjN2M0YzAiOnsiY3JlYXRlIjo5MDAwMDAwMDAwMDAsImRlbGV0ZSI6OTAwMDAwMDAwMDAwLCJ1cGRhdGUiOjYwMDAwMDAwMDAwMH19",
          "dependencies": [
            "data.openstack_networking_network_v2.external",
            "data.openstack_networking_subnet_v2.external_subnet",
            "openstack_networking_secgroup_v2.lb_sg"
          ]
        }
      ]
    },
    {
      "mode": "managed",
      "type": "openstack_lb_member_v2",
      "name": "master_members",
      "provider": "provider[\"registry.terraform.io/terraform-provider-openstack/openstack\"]",
      "instances": [
        {
          "index_key": 0,
          "schema_version": 0,
          "attributes": {
            "address": "10.180.1.225",
            "admin_state_up": true,
            "backup": false,
            "id": "f4795851-d0b1-4864-8e0f-4d2e35dc90e2",
            "monitor_address": "",
            "monitor_port": 0,
            "name": "",
            "pool_id": "25845134-2ef4-49fb-86d9-fa31e583d233",
            "protocol_port": 6443,
            "region": "RegionOne",
            "subnet_id": "60161c52-f90c-4855-a8b3-5ee9d5ebc766",
            "tags": null,
            "tenant_id": "d2eb04b1516f4d8bb957a347a9f23ba9",
            "timeouts": {
              "create": "10m",
              "delete": "10m",
              "update": null
            },
            "weight": 1
          },
          "sensitive_attributes": [],
          "identity_schema_version": 0,
          "private": "eyJlMmJmYjczMC1lY2FhLTExZTYtOGY4OC0zNDM2M2JjN2M0YzAiOnsiY3JlYXRlIjo2MDAwMDAwMDAwMDAsImRlbGV0ZSI6NjAwMDAwMDAwMDAwLCJ1cGRhdGUiOjYwMDAwMDAwMDAwMH19",
          "dependencies": [
            "data.openstack_images_image_v2.image",
            "data.openstack_networking_network_v2.external",
            "data.openstack_networking_network_v2.internal",
            "data.openstack_networking_subnet_v2.external_subnet",
            "data.openstack_networking_subnet_v2.internal_subnet",
            "openstack_blockstorage_volume_v3.master_vol",
            "openstack_compute_instance_v2.master",
            "openstack_lb_listener_v2.master_listener",
            "openstack_lb_loadbalancer_v2.master_lb",
            "openstack_lb_pool_v2.master_pool",
            "openstack_networking_secgroup_v2.lb_sg",
            "openstack_networking_secgroup_v2.master_sg"
          ]
        },
        {
          "index_key": 1,
          "schema_version": 0,
          "attributes": {
            "address": "10.180.1.33",
            "admin_state_up": true,
            "backup": false,
            "id": "b2b1220c-e54f-4ab1-a198-9de33df311cb",
            "monitor_address": "",
            "monitor_port": 0,
            "name": "",
            "pool_id": "25845134-2ef4-49fb-86d9-fa31e583d233",
            "protocol_port": 6443,
            "region": "RegionOne",
            "subnet_id": "60161c52-f90c-4855-a8b3-5ee9d5ebc766",
            "tags": null,
            "tenant_id": "d2eb04b1516f4d8bb957a347a9f23ba9",
            "timeouts": {
              "create": "10m",
              "delete": "10m",
              "update": null
            },
            "weight": 1
          },
          "sensitive_attributes": [],
          "identity_schema_version": 0,
          "private": "eyJlMmJmYjczMC1lY2FhLTExZTYtOGY4OC0zNDM2M2JjN2M0YzAiOnsiY3JlYXRlIjo2MDAwMDAwMDAwMDAsImRlbGV0ZSI6NjAwMDAwMDAwMDAwLCJ1cGRhdGUiOjYwMDAwMDAwMDAwMH19",
          "dependencies": [
            "data.openstack_images_image_v2.image",
            "data.openstack_networking_network_v2.external",
            "data.openstack_networking_network_v2.internal",
            "data.openstack_networking_subnet_v2.external_subnet",
            "data.openstack_networking_subnet_v2.internal_subnet",
            "openstack_blockstorage_volume_v3.master_vol",
            "openstack_compute_instance_v2.master",
            "openstack_lb_listener_v2.master_listener",
            "openstack_lb_loadbalancer_v2.master_lb",
            "openstack_lb_pool_v2.master_pool",
            "openstack_networking_secgroup_v2.lb_sg",
            "openstack_networking_secgroup_v2.master_sg"
          ]
        },
        {
          "index_key": 2,
          "schema_version": 0,
          "attributes": {
            "address": "10.180.1.234",
            "admin_state_up": true,
            "backup": false,
            "id": "87fbc8dc-a0ce-4265-b39c-c5a721cd71ac",
            "monitor_address": "",
            "monitor_port": 0,
            "name": "",
            "pool_id": "25845134-2ef4-49fb-86d9-fa31e583d233",
            "protocol_port": 6443,
            "region": "RegionOne",
            "subnet_id": "60161c52-f90c-4855-a8b3-5ee9d5ebc766",
            "tags": null,
            "tenant_id": "d2eb04b1516f4d8bb957a347a9f23ba9",
            "timeouts": {
              "create": "10m",
              "delete": "10m",
              "update": null
            },
            "weight": 1
          },
          "sensitive_attributes": [],
          "identity_schema_version": 0,
          "private": "eyJlMmJmYjczMC1lY2FhLTExZTYtOGY4OC0zNDM2M2JjN2M0YzAiOnsiY3JlYXRlIjo2MDAwMDAwMDAwMDAsImRlbGV0ZSI6NjAwMDAwMDAwMDAwLCJ1cGRhdGUiOjYwMDAwMDAwMDAwMH19",
          "dependencies": [
            "data.openstack_images_image_v2.image",
            "data.openstack_networking_network_v2.external",
            "data.openstack_networking_network_v2.internal",
            "data.openstack_networking_subnet_v2.external_subnet",
            "data.openstack_networking_subnet_v2.internal_subnet",
            "openstack_blockstorage_volume_v3.master_vol",
            "openstack_compute_instance_v2.master",
            "openstack_lb_listener_v2.master_listener",
            "openstack_lb_loadbalancer_v2.master_lb",
            "openstack_lb_pool_v2.master_pool",
            "openstack_networking_secgroup_v2.lb_sg",
            "openstack_networking_secgroup_v2.master_sg"
          ]
        }
      ]
    },
    {
      "mode": "managed",
      "type": "openstack_lb_member_v2",
      "name": "worker_members",
      "provider": "provider[\"registry.terraform.io/terraform-provider-openstack/openstack\"]",
      "instances": [
        {
          "index_key": 0,
          "schema_version": 0,
          "attributes": {
            "address": "10.180.1.170",
            "admin_state_up": true,
            "backup": false,
            "id": "3ec17fb1-753f-470c-add4-56939b899805",
            "monitor_address": "",
            "monitor_port": 0,
            "name": "",
            "pool_id": "0324f0cb-fa18-4dd8-ab09-26b49e08cebe",
            "protocol_port": 80,
            "region": "RegionOne",
            "subnet_id": "60161c52-f90c-4855-a8b3-5ee9d5ebc766",
            "tags": null,
            "tenant_id": "d2eb04b1516f4d8bb957a347a9f23ba9",
            "timeouts": {
              "create": "10m",
              "delete": "10m",
              "update": null
            },
            "weight": 1
          },
          "sensitive_attributes": [],
          "identity_schema_version": 0,
          "private": "eyJlMmJmYjczMC1lY2FhLTExZTYtOGY4OC0zNDM2M2JjN2M0YzAiOnsiY3JlYXRlIjo2MDAwMDAwMDAwMDAsImRlbGV0ZSI6NjAwMDAwMDAwMDAwLCJ1cGRhdGUiOjYwMDAwMDAwMDAwMH19",
          "dependencies": [
            "data.openstack_images_image_v2.image",
            "data.openstack_networking_network_v2.external",
            "data.openstack_networking_network_v2.internal",
            "data.openstack_networking_subnet_v2.external_subnet",
            "data.openstack_networking_subnet_v2.internal_subnet",
            "openstack_blockstorage_volume_v3.worker_vol",
            "openstack_compute_instance_v2.worker",
            "openstack_lb_listener_v2.worker_listener",
            "openstack_lb_loadbalancer_v2.worker_lb",
            "openstack_lb_pool_v2.worker_pool",
            "openstack_networking_secgroup_v2.lb_sg",
            "openstack_networking_secgroup_v2.worker_sg"
          ]
        },
        {
          "index_key": 1,
          "schema_version": 0,
          "attributes": {
            "address": "10.180.1.178",
            "admin_state_up": true,
            "backup": false,
            "id": "e593c979-67c8-4d04-9637-08e8e4d4da53",
            "monitor_address": "",
            "monitor_port": 0,
            "name": "",
            "pool_id": "0324f0cb-fa18-4dd8-ab09-26b49e08cebe",
            "protocol_port": 80,
            "region": "RegionOne",
            "subnet_id": "60161c52-f90c-4855-a8b3-5ee9d5ebc766",
            "tags": null,
            "tenant_id": "d2eb04b1516f4d8bb957a347a9f23ba9",
            "timeouts": {
              "create": "10m",
              "delete": "10m",
              "update": null
            },
            "weight": 1
          },
          "sensitive_attributes": [],
          "identity_schema_version": 0,
          "private": "eyJlMmJmYjczMC1lY2FhLTExZTYtOGY4OC0zNDM2M2JjN2M0YzAiOnsiY3JlYXRlIjo2MDAwMDAwMDAwMDAsImRlbGV0ZSI6NjAwMDAwMDAwMDAwLCJ1cGRhdGUiOjYwMDAwMDAwMDAwMH19",
          "dependencies": [
            "data.openstack_images_image_v2.image",
            "data.openstack_networking_network_v2.external",
            "data.openstack_networking_network_v2.internal",
            "data.openstack_networking_subnet_v2.external_subnet",
            "data.openstack_networking_subnet_v2.internal_subnet",
            "openstack_blockstorage_volume_v3.worker_vol",
            "openstack_compute_instance_v2.worker",
            "openstack_lb_listener_v2.worker_listener",
            "openstack_lb_loadbalancer_v2.worker_lb",
            "openstack_lb_pool_v2.worker_pool",
            "openstack_networking_secgroup_v2.lb_sg",
            "openstack_networking_secgroup_v2.worker_sg"
          ]
        },
        {
          "index_key": 2,
          "schema_version": 0,
          "attributes": {
            "address": "10.180.1.227",
            "admin_state_up": true,
            "backup": false,
            "id": "17e9ae66-3511-4316-9d7d-02ead406283a",
            "monitor_address": "",
            "monitor_port": 0,
            "name": "",
            "pool_id": "0324f0cb-fa18-4dd8-ab09-26b49e08cebe",
            "protocol_port": 80,
            "region": "RegionOne",
            "subnet_id": "60161c52-f90c-4855-a8b3-5ee9d5ebc766",
            "tags": null,
            "tenant_id": "d2eb04b1516f4d8bb957a347a9f23ba9",
            "timeouts": {
              "create": "10m",
              "delete": "10m",
              "update": null
            },
            "weight": 1
          },
          "sensitive_attributes": [],
          "identity_schema_version": 0,
          "private": "eyJlMmJmYjczMC1lY2FhLTExZTYtOGY4OC0zNDM2M2JjN2M0YzAiOnsiY3JlYXRlIjo2MDAwMDAwMDAwMDAsImRlbGV0ZSI6NjAwMDAwMDAwMDAwLCJ1cGRhdGUiOjYwMDAwMDAwMDAwMH19",
          "dependencies": [
            "data.openstack_images_image_v2.image",
            "data.openstack_networking_network_v2.external",
            "data.openstack_networking_network_v2.internal",
            "data.openstack_networking_subnet_v2.external_subnet",
            "data.openstack_networking_subnet_v2.internal_subnet",
            "openstack_blockstorage_volume_v3.worker_vol",
            "openstack_compute_instance_v2.worker",
            "openstack_lb_listener_v2.worker_listener",
            "openstack_lb_loadbalancer_v2.worker_lb",
            "openstack_lb_pool_v2.worker_pool",
            "openstack_networking_secgroup_v2.lb_sg",
            "openstack_networking_secgroup_v2.worker_sg"
          ]
        }
      ]
    },
    {
      "mode": "managed",
      "type": "openstack_lb_monitor_v2",
      "name": "master_monitor",
      "provider": "provider[\"registry.terraform.io/terraform-provider-openstack/openstack\"]",
      "instances": [
        {
          "index_key": 0,
          "schema_version": 0,
          "attributes": {
            "admin_state_up": true,
            "delay": 5,
            "domain_name": "",
            "expected_codes": "",
            "http_method": "",
            "http_version": "",
            "id": "61461e06-50f4-4f7f-8041-fac227c171bc",
            "max_retries": 3,
            "max_retries_down": 3,
            "name": "",
            "pool_id": "25845134-2ef4-49fb-86d9-fa31e583d233",
            "region": "RegionOne",
            "tenant_id": "d2eb04b1516f4d8bb957a347a9f23ba9",
            "timeout": 3,
            "timeouts": null,
            "type": "TCP",
            "url_path": ""
          },
          "sensitive_attributes": [],
          "identity_schema_version": 0,
          "private": "eyJlMmJmYjczMC1lY2FhLTExZTYtOGY4OC0zNDM2M2JjN2M0YzAiOnsiY3JlYXRlIjo2MDAwMDAwMDAwMDAsImRlbGV0ZSI6NjAwMDAwMDAwMDAwLCJ1cGRhdGUiOjYwMDAwMDAwMDAwMH19",
          "dependencies": [
            "data.openstack_networking_network_v2.external",
            "data.openstack_networking_subnet_v2.external_subnet",
            "openstack_lb_listener_v2.master_listener",
            "openstack_lb_loadbalancer_v2.master_lb",
            "openstack_lb_pool_v2.master_pool",
            "openstack_networking_secgroup_v2.lb_sg"
          ]
        }
      ]
    },
    {
      "mode": "managed",
      "type": "openstack_lb_monitor_v2",
      "name": "worker_monitor",
      "provider": "provider[\"registry.terraform.io/terraform-provider-openstack/openstack\"]",
      "instances": [
        {
          "index_key": 0,
          "schema_version": 0,
          "attributes": {
            "admin_state_up": true,
            "delay": 5,
            "domain_name": "",
            "expected_codes": "",
            "http_method": "",
            "http_version": "",
            "id": "00cfdac4-8f32-4a49-ab55-99b1ace09fc2",
            "max_retries": 3,
            "max_retries_down": 3,
            "name": "",
            "pool_id": "0324f0cb-fa18-4dd8-ab09-26b49e08cebe",
            "region": "RegionOne",
            "tenant_id": "d2eb04b1516f4d8bb957a347a9f23ba9",
            "timeout": 3,
            "timeouts": null,
            "type": "TCP",
            "url_path": ""
          },
          "sensitive_attributes": [],
          "identity_schema_version": 0,
          "private": "eyJlMmJmYjczMC1lY2FhLTExZTYtOGY4OC0zNDM2M2JjN2M0YzAiOnsiY3JlYXRlIjo2MDAwMDAwMDAwMDAsImRlbGV0ZSI6NjAwMDAwMDAwMDAwLCJ1cGRhdGUiOjYwMDAwMDAwMDAwMH19",
          "dependencies": [
            "data.openstack_networking_network_v2.external",
            "data.openstack_networking_subnet_v2.external_subnet",
            "openstack_lb_listener_v2.worker_listener",
            "openstack_lb_loadbalancer_v2.worker_lb",
            "openstack_lb_pool_v2.worker_pool",
            "openstack_networking_secgroup_v2.lb_sg"
          ]
        }
      ]
    },
    {
      "mode": "managed",
      "type": "openstack_lb_pool_v2",
      "name": "master_pool",
      "provider": "provider[\"registry.terraform.io/terraform-provider-openstack/openstack\"]",
      "instances": [
        {
          "index_key": 0,
          "schema_version": 0,
          "attributes": {
            "admin_state_up": true,
            "alpn_protocols": [],
            "ca_tls_container_ref": "",
            "crl_container_ref": "",
            "description": "",
            "id": "25845134-2ef4-49fb-86d9-fa31e583d233",
            "lb_method": "ROUND_ROBIN",
            "listener_id": "47c16a0f-8dd1-4fd4-9b2c-994be6b7925c",
            "loadbalancer_id": null,
            "name": "auto-kube-master-pool",
            "persistence": [],
            "protocol": "TCP",
            "region": "RegionOne",
            "tags": null,
            "tenant_id": "d2eb04b1516f4d8bb957a347a9f23ba9",
            "timeouts": null,
            "tls_ciphers": "",
            "tls_container_ref": "",
            "tls_enabled": false,
            "tls_versions": []
          },
          "sensitive_attributes": [],
          "identity_schema_version": 0,
          "private": "eyJlMmJmYjczMC1lY2FhLTExZTYtOGY4OC0zNDM2M2JjN2M0YzAiOnsiY3JlYXRlIjo2MDAwMDAwMDAwMDAsImRlbGV0ZSI6NjAwMDAwMDAwMDAwLCJ1cGRhdGUiOjYwMDAwMDAwMDAwMH19",
          "dependencies": [
            "data.openstack_networking_network_v2.external",
            "data.openstack_networking_subnet_v2.external_subnet",
            "openstack_lb_listener_v2.master_listener",
            "openstack_lb_loadbalancer_v2.master_lb",
            "openstack_networking_secgroup_v2.lb_sg"
          ]
        }
      ]
    },
    {
      "mode": "managed",
      "type": "openstack_lb_pool_v2",
      "name": "worker_pool",
      "provider": "provider[\"registry.terraform.io/terraform-provider-openstack/openstack\"]",
      "instances": [
        {
          "index_key": 0,
          "schema_version": 0,
          "attributes": {
            "admin_state_up": true,
            "alpn_protocols": [],
            "ca_tls_container_ref": "",
            "crl_container_ref": "",
            "description": "",
            "id": "0324f0cb-fa18-4dd8-ab09-26b49e08cebe",
            "lb_method": "ROUND_ROBIN",
            "listener_id": "d60a49e2-5f7e-46c9-96e0-873d3d49bf33",
            "loadbalancer_id": null,
            "name": "auto-kube-worker-pool",
            "persistence": [],
            "protocol": "TCP",
            "region": "RegionOne",
            "tags": null,
            "tenant_id": "d2eb04b1516f4d8bb957a347a9f23ba9",
            "timeouts": null,
            "tls_ciphers": "",
            "tls_container_ref": "",
            "tls_enabled": false,
            "tls_versions": []
          },
          "sensitive_attributes": [],
          "identity_schema_version": 0,
          "private": "eyJlMmJmYjczMC1lY2FhLTExZTYtOGY4OC0zNDM2M2JjN2M0YzAiOnsiY3JlYXRlIjo2MDAwMDAwMDAwMDAsImRlbGV0ZSI6NjAwMDAwMDAwMDAwLCJ1cGRhdGUiOjYwMDAwMDAwMDAwMH19",
          "dependencies": [
            "data.openstack_networking_network_v2.external",
            "data.openstack_networking_subnet_v2.external_subnet",
            "openstack_lb_listener_v2.worker_listener",
            "openstack_lb_loadbalancer_v2.worker_lb",
            "openstack_networking_secgroup_v2.lb_sg"
          ]
        }
      ]
    },
    {
      "mode": "managed",
      "type": "openstack_networking_floatingip_associate_v2",
      "name": "master_assoc",
      "provider": "provider[\"registry.terraform.io/terraform-provider-openstack/openstack\"]",
      "instances": [
        {
          "index_key": 0,
          "schema_version": 0,
          "attributes": {
            "fixed_ip": "10.180.1.225",
            "floating_ip": "192.168.180.33",
            "id": "0d03915e-5db4-4ae0-94cf-b30aba99d827",
            "port_id": "cac75085-e951-44a0-bee3-f895891987a5",
            "region": "RegionOne"
          },
          "sensitive_attributes": [],
          "identity_schema_version": 0,
          "private": "bnVsbA==",
          "dependencies": [
            "data.openstack_images_image_v2.image",
            "data.openstack_networking_network_v2.internal",
            "data.openstack_networking_port_v2.master_port",
            "openstack_blockstorage_volume_v3.master_vol",
            "openstack_compute_instance_v2.master",
            "openstack_networking_floatingip_v2.master_fip",
            "openstack_networking_secgroup_v2.master_sg"
          ]
        },
        {
          "index_key": 1,
          "schema_version": 0,
          "attributes": {
            "fixed_ip": "10.180.1.33",
            "floating_ip": "192.168.180.20",
            "id": "0a7c77b7-70d6-4311-9253-8385de55d186",
            "port_id": "5f9cc6ca-dd66-4631-bdb3-50578caa5be6",
            "region": "RegionOne"
          },
          "sensitive_attributes": [],
          "identity_schema_version": 0,
          "private": "bnVsbA==",
          "dependencies": [
            "data.openstack_images_image_v2.image",
            "data.openstack_networking_network_v2.internal",
            "data.openstack_networking_port_v2.master_port",
            "openstack_blockstorage_volume_v3.master_vol",
            "openstack_compute_instance_v2.master",
            "openstack_networking_floatingip_v2.master_fip",
            "openstack_networking_secgroup_v2.master_sg"
          ]
        },
        {
          "index_key": 2,
          "schema_version": 0,
          "attributes": {
            "fixed_ip": "10.180.1.234",
            "floating_ip": "192.168.180.44",
            "id": "7186e9f3-69f8-4162-b29d-fa03851537b7",
            "port_id": "d6ca2691-f82b-4935-9576-ad9f6e07acf8",
            "region": "RegionOne"
          },
          "sensitive_attributes": [],
          "identity_schema_version": 0,
          "private": "bnVsbA==",
          "dependencies": [
            "data.openstack_images_image_v2.image",
            "data.openstack_networking_network_v2.internal",
            "data.openstack_networking_port_v2.master_port",
            "openstack_blockstorage_volume_v3.master_vol",
            "openstack_compute_instance_v2.master",
            "openstack_networking_floatingip_v2.master_fip",
            "openstack_networking_secgroup_v2.master_sg"
          ]
        }
      ]
    },
    {
      "mode": "managed",
      "type": "openstack_networking_floatingip_associate_v2",
      "name": "worker_assoc",
      "provider": "provider[\"registry.terraform.io/terraform-provider-openstack/openstack\"]",
      "instances": [
        {
          "index_key": 0,
          "schema_version": 0,
          "attributes": {
            "fixed_ip": "10.180.1.170",
            "floating_ip": "192.168.180.38",
            "id": "01f3619e-8fde-4e89-becb-3cf3f39c67f8",
            "port_id": "0b1ab1e0-ac7b-41c6-8225-2bfa6272035c",
            "region": "RegionOne"
          },
          "sensitive_attributes": [],
          "identity_schema_version": 0,
          "private": "bnVsbA==",
          "dependencies": [
            "data.openstack_images_image_v2.image",
            "data.openstack_networking_network_v2.internal",
            "data.openstack_networking_port_v2.worker_port",
            "openstack_blockstorage_volume_v3.worker_vol",
            "openstack_compute_instance_v2.worker",
            "openstack_networking_floatingip_v2.worker_fip",
            "openstack_networking_secgroup_v2.worker_sg"
          ]
        },
        {
          "index_key": 1,
          "schema_version": 0,
          "attributes": {
            "fixed_ip": "10.180.1.178",
            "floating_ip": "192.168.180.40",
            "id": "33adc814-4b0c-43ef-99e9-1caba1e5ce99",
            "port_id": "877285b8-e9c4-47f2-b330-7d9cc659377c",
            "region": "RegionOne"
          },
          "sensitive_attributes": [],
          "identity_schema_version": 0,
          "private": "bnVsbA==",
          "dependencies": [
            "data.openstack_images_image_v2.image",
            "data.openstack_networking_network_v2.internal",
            "data.openstack_networking_port_v2.worker_port",
            "openstack_blockstorage_volume_v3.worker_vol",
            "openstack_compute_instance_v2.worker",
            "openstack_networking_floatingip_v2.worker_fip",
            "openstack_networking_secgroup_v2.worker_sg"
          ]
        },
        {
          "index_key": 2,
          "schema_version": 0,
          "attributes": {
            "fixed_ip": "10.180.1.227",
            "floating_ip": "192.168.180.34",
            "id": "f3cff657-3c53-461b-8319-3b1f95a462b6",
            "port_id": "35139c9a-e310-4c8d-add6-ffa39afb748c",
            "region": "RegionOne"
          },
          "sensitive_attributes": [],
          "identity_schema_version": 0,
          "private": "bnVsbA==",
          "dependencies": [
            "data.openstack_images_image_v2.image",
            "data.openstack_networking_network_v2.internal",
            "data.openstack_networking_port_v2.worker_port",
            "openstack_blockstorage_volume_v3.worker_vol",
            "openstack_compute_instance_v2.worker",
            "openstack_networking_floatingip_v2.worker_fip",
            "openstack_networking_secgroup_v2.worker_sg"
          ]
        }
      ]
    },
    {
      "mode": "managed",
      "type": "openstack_networking_floatingip_v2",
      "name": "master_fip",
      "provider": "provider[\"registry.terraform.io/terraform-provider-openstack/openstack\"]",
      "instances": [
        {
          "index_key": 0,
          "schema_version": 0,
          "attributes": {
            "address": "192.168.180.33",
            "all_tags": [],
            "description": "",
            "dns_domain": "",
            "dns_name": "",
            "fixed_ip": "",
            "id": "0d03915e-5db4-4ae0-94cf-b30aba99d827",
            "pool": "ocr-cluster-net-ext-192-168-180",
            "port_id": "",
            "region": "RegionOne",
            "subnet_id": null,
            "subnet_ids": null,
            "tags": null,
            "tenant_id": "d2eb04b1516f4d8bb957a347a9f23ba9",
            "timeouts": null,
            "value_specs": null
          },
          "sensitive_attributes": [],
          "identity_schema_version": 0,
          "private": "eyJlMmJmYjczMC1lY2FhLTExZTYtOGY4OC0zNDM2M2JjN2M0YzAiOnsiY3JlYXRlIjo2MDAwMDAwMDAwMDAsImRlbGV0ZSI6NjAwMDAwMDAwMDAwfX0="
        },
        {
          "index_key": 1,
          "schema_version": 0,
          "attributes": {
            "address": "192.168.180.20",
            "all_tags": [],
            "description": "",
            "dns_domain": "",
            "dns_name": "",
            "fixed_ip": "",
            "id": "0a7c77b7-70d6-4311-9253-8385de55d186",
            "pool": "ocr-cluster-net-ext-192-168-180",
            "port_id": "",
            "region": "RegionOne",
            "subnet_id": null,
            "subnet_ids": null,
            "tags": null,
            "tenant_id": "d2eb04b1516f4d8bb957a347a9f23ba9",
            "timeouts": null,
            "value_specs": null
          },
          "sensitive_attributes": [],
          "identity_schema_version": 0,
          "private": "eyJlMmJmYjczMC1lY2FhLTExZTYtOGY4OC0zNDM2M2JjN2M0YzAiOnsiY3JlYXRlIjo2MDAwMDAwMDAwMDAsImRlbGV0ZSI6NjAwMDAwMDAwMDAwfX0="
        },
        {
          "index_key": 2,
          "schema_version": 0,
          "attributes": {
            "address": "192.168.180.44",
            "all_tags": [],
            "description": "",
            "dns_domain": "",
            "dns_name": "",
            "fixed_ip": "",
            "id": "7186e9f3-69f8-4162-b29d-fa03851537b7",
            "pool": "ocr-cluster-net-ext-192-168-180",
            "port_id": "",
            "region": "RegionOne",
            "subnet_id": null,
            "subnet_ids": null,
            "tags": null,
            "tenant_id": "d2eb04b1516f4d8bb957a347a9f23ba9",
            "timeouts": null,
            "value_specs": null
          },
          "sensitive_attributes": [],
          "identity_schema_version": 0,
          "private": "eyJlMmJmYjczMC1lY2FhLTExZTYtOGY4OC0zNDM2M2JjN2M0YzAiOnsiY3JlYXRlIjo2MDAwMDAwMDAwMDAsImRlbGV0ZSI6NjAwMDAwMDAwMDAwfX0="
        }
      ]
    },
    {
      "mode": "managed",
      "type": "openstack_networking_floatingip_v2",
      "name": "worker_fip",
      "provider": "provider[\"registry.terraform.io/terraform-provider-openstack/openstack\"]",
      "instances": [
        {
          "index_key": 0,
          "schema_version": 0,
          "attributes": {
            "address": "192.168.180.38",
            "all_tags": [],
            "description": "",
            "dns_domain": "",
            "dns_name": "",
            "fixed_ip": "",
            "id": "01f3619e-8fde-4e89-becb-3cf3f39c67f8",
            "pool": "ocr-cluster-net-ext-192-168-180",
            "port_id": "",
            "region": "RegionOne",
            "subnet_id": null,
            "subnet_ids": null,
            "tags": null,
            "tenant_id": "d2eb04b1516f4d8bb957a347a9f23ba9",
            "timeouts": null,
            "value_specs": null
          },
          "sensitive_attributes": [],
          "identity_schema_version": 0,
          "private": "eyJlMmJmYjczMC1lY2FhLTExZTYtOGY4OC0zNDM2M2JjN2M0YzAiOnsiY3JlYXRlIjo2MDAwMDAwMDAwMDAsImRlbGV0ZSI6NjAwMDAwMDAwMDAwfX0="
        },
        {
          "index_key": 1,
          "schema_version": 0,
          "attributes": {
            "address": "192.168.180.40",
            "all_tags": [],
            "description": "",
            "dns_domain": "",
            "dns_name": "",
            "fixed_ip": "",
            "id": "33adc814-4b0c-43ef-99e9-1caba1e5ce99",
            "pool": "ocr-cluster-net-ext-192-168-180",
            "port_id": "",
            "region": "RegionOne",
            "subnet_id": null,
            "subnet_ids": null,
            "tags": null,
            "tenant_id": "d2eb04b1516f4d8bb957a347a9f23ba9",
            "timeouts": null,
            "value_specs": null
          },
          "sensitive_attributes": [],
          "identity_schema_version": 0,
          "private": "eyJlMmJmYjczMC1lY2FhLTExZTYtOGY4OC0zNDM2M2JjN2M0YzAiOnsiY3JlYXRlIjo2MDAwMDAwMDAwMDAsImRlbGV0ZSI6NjAwMDAwMDAwMDAwfX0="
        },
        {
          "index_key": 2,
          "schema_version": 0,
          "attributes": {
            "address": "192.168.180.34",
            "all_tags": [],
            "description": "",
            "dns_domain": "",
            "dns_name": "",
            "fixed_ip": "",
            "id": "f3cff657-3c53-461b-8319-3b1f95a462b6",
            "pool": "ocr-cluster-net-ext-192-168-180",
            "port_id": "",
            "region": "RegionOne",
            "subnet_id": null,
            "subnet_ids": null,
            "tags": null,
            "tenant_id": "d2eb04b1516f4d8bb957a347a9f23ba9",
            "timeouts": null,
            "value_specs": null
          },
          "sensitive_attributes": [],
          "identity_schema_version": 0,
          "private": "eyJlMmJmYjczMC1lY2FhLTExZTYtOGY4OC0zNDM2M2JjN2M0YzAiOnsiY3JlYXRlIjo2MDAwMDAwMDAwMDAsImRlbGV0ZSI6NjAwMDAwMDAwMDAwfX0="
        }
      ]
    },
    {
      "mode": "managed",
      "type": "openstack_networking_secgroup_rule_v2",
      "name": "cluster_internal",
      "provider": "provider[\"registry.terraform.io/terraform-provider-openstack/openstack\"]",
      "instances": [
        {
          "schema_version": 0,
          "attributes": {
            "description": "",
            "direction": "ingress",
            "ethertype": "IPv4",
            "id": "3c489ea7-6e69-4bfc-ad99-78f5ae134d0d",
            "port_range_max": 0,
            "port_range_min": 0,
            "protocol": "",
            "region": "RegionOne",
            "remote_address_group_id": "",
            "remote_group_id": "0f36d3b3-b315-417e-b402-7607c0df81af",
            "remote_ip_prefix": "",
            "security_group_id": "0f36d3b3-b315-417e-b402-7607c0df81af",
            "tenant_id": "d2eb04b1516f4d8bb957a347a9f23ba9",
            "timeouts": null
          },
          "sensitive_attributes": [],
          "identity_schema_version": 0,
          "private": "eyJlMmJmYjczMC1lY2FhLTExZTYtOGY4OC0zNDM2M2JjN2M0YzAiOnsiZGVsZXRlIjo2MDAwMDAwMDAwMDB9fQ==",
          "dependencies": [
            "openstack_networking_secgroup_v2.master_sg"
          ]
        }
      ]
    },
    {
      "mode": "managed",
      "type": "openstack_networking_secgroup_rule_v2",
      "name": "lb_api",
      "provider": "provider[\"registry.terraform.io/terraform-provider-openstack/openstack\"]",
      "instances": [
        {
          "schema_version": 0,
          "attributes": {
            "description": "",
            "direction": "ingress",
            "ethertype": "IPv4",
            "id": "5cf535f4-1c39-4550-9d75-93c99f5a6f74",
            "port_range_max": 6443,
            "port_range_min": 6443,
            "protocol": "tcp",
            "region": "RegionOne",
            "remote_address_group_id": "",
            "remote_group_id": "",
            "remote_ip_prefix": "0.0.0.0/0",
            "security_group_id": "a60085d1-8276-4023-bbeb-0dd8d51e713f",
            "tenant_id": "d2eb04b1516f4d8bb957a347a9f23ba9",
            "timeouts": null
          },
          "sensitive_attributes": [],
          "identity_schema_version": 0,
          "private": "eyJlMmJmYjczMC1lY2FhLTExZTYtOGY4OC0zNDM2M2JjN2M0YzAiOnsiZGVsZXRlIjo2MDAwMDAwMDAwMDB9fQ==",
          "dependencies": [
            "openstack_networking_secgroup_v2.lb_sg"
          ]
        }
      ]
    },
    {
      "mode": "managed",
      "type": "openstack_networking_secgroup_rule_v2",
      "name": "lb_http",
      "provider": "provider[\"registry.terraform.io/terraform-provider-openstack/openstack\"]",
      "instances": [
        {
          "schema_version": 0,
          "attributes": {
            "description": "",
            "direction": "ingress",
            "ethertype": "IPv4",
            "id": "8caf7b25-b7b3-468d-a28f-5ac6a28b9f0a",
            "port_range_max": 80,
            "port_range_min": 80,
            "protocol": "tcp",
            "region": "RegionOne",
            "remote_address_group_id": "",
            "remote_group_id": "",
            "remote_ip_prefix": "0.0.0.0/0",
            "security_group_id": "a60085d1-8276-4023-bbeb-0dd8d51e713f",
            "tenant_id": "d2eb04b1516f4d8bb957a347a9f23ba9",
            "timeouts": null
          },
          "sensitive_attributes": [],
          "identity_schema_version": 0,
          "private": "eyJlMmJmYjczMC1lY2FhLTExZTYtOGY4OC0zNDM2M2JjN2M0YzAiOnsiZGVsZXRlIjo2MDAwMDAwMDAwMDB9fQ==",
          "dependencies": [
            "openstack_networking_secgroup_v2.lb_sg"
          ]
        }
      ]
    },
    {
      "mode": "managed",
      "type": "openstack_networking_secgroup_rule_v2",
      "name": "lb_https",
      "provider": "provider[\"registry.terraform.io/terraform-provider-openstack/openstack\"]",
      "instances": [
        {
          "schema_version": 0,
          "attributes": {
            "description": "",
            "direction": "ingress",
            "ethertype": "IPv4",
            "id": "cb5f5782-e53c-41c2-98e7-63921af19ca7",
            "port_range_max": 443,
            "port_range_min": 443,
            "protocol": "tcp",
            "region": "RegionOne",
            "remote_address_group_id": "",
            "remote_group_id": "",
            "remote_ip_prefix": "0.0.0.0/0",
            "security_group_id": "a60085d1-8276-4023-bbeb-0dd8d51e713f",
            "tenant_id": "d2eb04b1516f4d8bb957a347a9f23ba9",
            "timeouts": null
          },
          "sensitive_attributes": [],
          "identity_schema_version": 0,
          "private": "eyJlMmJmYjczMC1lY2FhLTExZTYtOGY4OC0zNDM2M2JjN2M0YzAiOnsiZGVsZXRlIjo2MDAwMDAwMDAwMDB9fQ==",
          "dependencies": [
            "openstack_networking_secgroup_v2.lb_sg"
          ]
        }
      ]
    },
    {
      "mode": "managed",
      "type": "openstack_networking_secgroup_rule_v2",
      "name": "master_api",
      "provider": "provider[\"registry.terraform.io/terraform-provider-openstack/openstack\"]",
      "instances": [
        {
          "schema_version": 0,
          "attributes": {
            "description": "",
            "direction": "ingress",
            "ethertype": "IPv4",
            "id": "75d6dbc5-7420-417f-beba-133af8185dd8",
            "port_range_max": 6443,
            "port_range_min": 6443,
            "protocol": "tcp",
            "region": "RegionOne",
            "remote_address_group_id": "",
            "remote_group_id": "",
            "remote_ip_prefix": "0.0.0.0/0",
            "security_group_id": "0f36d3b3-b315-417e-b402-7607c0df81af",
            "tenant_id": "d2eb04b1516f4d8bb957a347a9f23ba9",
            "timeouts": null
          },
          "sensitive_attributes": [],
          "identity_schema_version": 0,
          "private": "eyJlMmJmYjczMC1lY2FhLTExZTYtOGY4OC0zNDM2M2JjN2M0YzAiOnsiZGVsZXRlIjo2MDAwMDAwMDAwMDB9fQ==",
          "dependencies": [
            "openstack_networking_secgroup_v2.master_sg"
          ]
        }
      ]
    },
    {
      "mode": "managed",
      "type": "openstack_networking_secgroup_rule_v2",
      "name": "master_etcd",
      "provider": "provider[\"registry.terraform.io/terraform-provider-openstack/openstack\"]",
      "instances": [
        {
          "schema_version": 0,
          "attributes": {
            "description": "",
            "direction": "ingress",
            "ethertype": "IPv4",
            "id": "9cf5871c-7423-4f68-a9cd-2f9071f79b4a",
            "port_range_max": 2380,
            "port_range_min": 2379,
            "protocol": "tcp",
            "region": "RegionOne",
            "remote_address_group_id": "",
            "remote_group_id": "0f36d3b3-b315-417e-b402-7607c0df81af",
            "remote_ip_prefix": "",
            "security_group_id": "0f36d3b3-b315-417e-b402-7607c0df81af",
            "tenant_id": "d2eb04b1516f4d8bb957a347a9f23ba9",
            "timeouts": null
          },
          "sensitive_attributes": [],
          "identity_schema_version": 0,
          "private": "eyJlMmJmYjczMC1lY2FhLTExZTYtOGY4OC0zNDM2M2JjN2M0YzAiOnsiZGVsZXRlIjo2MDAwMDAwMDAwMDB9fQ==",
          "dependencies": [
            "openstack_networking_secgroup_v2.master_sg"
          ]
        }
      ]
    },
    {
      "mode": "managed",
      "type": "openstack_networking_secgroup_rule_v2",
      "name": "master_from_workers_6443",
      "provider": "provider[\"registry.terraform.io/terraform-provider-openstack/openstack\"]",
      "instances": [
        {
          "schema_version": 0,
          "attributes": {
            "description": "",
            "direction": "ingress",
            "ethertype": "IPv4",
            "id": "1ef1690e-8714-495b-858f-8f84027645b2",
            "port_range_max": 6443,
            "port_range_min": 6443,
            "protocol": "tcp",
            "region": "RegionOne",
            "remote_address_group_id": "",
            "remote_group_id": "a943459d-f664-404c-af75-6dd518d4781d",
            "remote_ip_prefix": "",
            "security_group_id": "0f36d3b3-b315-417e-b402-7607c0df81af",
            "tenant_id": "d2eb04b1516f4d8bb957a347a9f23ba9",
            "timeouts": null
          },
          "sensitive_attributes": [],
          "identity_schema_version": 0,
          "private": "eyJlMmJmYjczMC1lY2FhLTExZTYtOGY4OC0zNDM2M2JjN2M0YzAiOnsiZGVsZXRlIjo2MDAwMDAwMDAwMDB9fQ==",
          "dependencies": [
            "openstack_networking_secgroup_v2.master_sg",
            "openstack_networking_secgroup_v2.worker_sg"
          ]
        }
      ]
    },
    {
      "mode": "managed",
      "type": "openstack_networking_secgroup_rule_v2",
      "name": "master_from_workers_9345",
      "provider": "provider[\"registry.terraform.io/terraform-provider-openstack/openstack\"]",
      "instances": [
        {
          "schema_version": 0,
          "attributes": {
            "description": "",
            "direction": "ingress",
            "ethertype": "IPv4",
            "id": "70f1c397-b87e-4e9c-8a60-42da28acdec7",
            "port_range_max": 9345,
            "port_range_min": 9345,
            "protocol": "tcp",
            "region": "RegionOne",
            "remote_address_group_id": "",
            "remote_group_id": "a943459d-f664-404c-af75-6dd518d4781d",
            "remote_ip_prefix": "",
            "security_group_id": "0f36d3b3-b315-417e-b402-7607c0df81af",
            "tenant_id": "d2eb04b1516f4d8bb957a347a9f23ba9",
            "timeouts": null
          },
          "sensitive_attributes": [],
          "identity_schema_version": 0,
          "private": "eyJlMmJmYjczMC1lY2FhLTExZTYtOGY4OC0zNDM2M2JjN2M0YzAiOnsiZGVsZXRlIjo2MDAwMDAwMDAwMDB9fQ==",
          "dependencies": [
            "openstack_networking_secgroup_v2.master_sg",
            "openstack_networking_secgroup_v2.worker_sg"
          ]
        }
      ]
    },
    {
      "mode": "managed",
      "type": "openstack_networking_secgroup_rule_v2",
      "name": "master_kubelet",
      "provider": "provider[\"registry.terraform.io/terraform-provider-openstack/openstack\"]",
      "instances": [
        {
          "schema_version": 0,
          "attributes": {
            "description": "",
            "direction": "ingress",
            "ethertype": "IPv4",
            "id": "30b52db3-678f-4c70-9a89-4676a20fe481",
            "port_range_max": 10252,
            "port_range_min": 10250,
            "protocol": "tcp",
            "region": "RegionOne",
            "remote_address_group_id": "",
            "remote_group_id": "0f36d3b3-b315-417e-b402-7607c0df81af",
            "remote_ip_prefix": "",
            "security_group_id": "0f36d3b3-b315-417e-b402-7607c0df81af",
            "tenant_id": "d2eb04b1516f4d8bb957a347a9f23ba9",
            "timeouts": null
          },
          "sensitive_attributes": [],
          "identity_schema_version": 0,
          "private": "eyJlMmJmYjczMC1lY2FhLTExZTYtOGY4OC0zNDM2M2JjN2M0YzAiOnsiZGVsZXRlIjo2MDAwMDAwMDAwMDB9fQ==",
          "dependencies": [
            "openstack_networking_secgroup_v2.master_sg"
          ]
        }
      ]
    },
    {
      "mode": "managed",
      "type": "openstack_networking_secgroup_rule_v2",
      "name": "master_ssh",
      "provider": "provider[\"registry.terraform.io/terraform-provider-openstack/openstack\"]",
      "instances": [
        {
          "schema_version": 0,
          "attributes": {
            "description": "",
            "direction": "ingress",
            "ethertype": "IPv4",
            "id": "381200a4-1e0f-485e-8258-f15d55a513d3",
            "port_range_max": 22,
            "port_range_min": 22,
            "protocol": "tcp",
            "region": "RegionOne",
            "remote_address_group_id": "",
            "remote_group_id": "",
            "remote_ip_prefix": "0.0.0.0/0",
            "security_group_id": "0f36d3b3-b315-417e-b402-7607c0df81af",
            "tenant_id": "d2eb04b1516f4d8bb957a347a9f23ba9",
            "timeouts": null
          },
          "sensitive_attributes": [],
          "identity_schema_version": 0,
          "private": "eyJlMmJmYjczMC1lY2FhLTExZTYtOGY4OC0zNDM2M2JjN2M0YzAiOnsiZGVsZXRlIjo2MDAwMDAwMDAwMDB9fQ==",
          "dependencies": [
            "openstack_networking_secgroup_v2.master_sg"
          ]
        }
      ]
    },
    {
      "mode": "managed",
      "type": "openstack_networking_secgroup_rule_v2",
      "name": "worker_from_masters_10250",
      "provider": "provider[\"registry.terraform.io/terraform-provider-openstack/openstack\"]",
      "instances": [
        {
          "schema_version": 0,
          "attributes": {
            "description": "",
            "direction": "ingress",
            "ethertype": "IPv4",
            "id": "e708dd30-aa08-4075-b575-7451c3a20a8d",
            "port_range_max": 10250,
            "port_range_min": 10250,
            "protocol": "tcp",
            "region": "RegionOne",
            "remote_address_group_id": "",
            "remote_group_id": "0f36d3b3-b315-417e-b402-7607c0df81af",
            "remote_ip_prefix": "",
            "security_group_id": "a943459d-f664-404c-af75-6dd518d4781d",
            "tenant_id": "d2eb04b1516f4d8bb957a347a9f23ba9",
            "timeouts": null
          },
          "sensitive_attributes": [],
          "identity_schema_version": 0,
          "private": "eyJlMmJmYjczMC1lY2FhLTExZTYtOGY4OC0zNDM2M2JjN2M0YzAiOnsiZGVsZXRlIjo2MDAwMDAwMDAwMDB9fQ==",
          "dependencies": [
            "openstack_networking_secgroup_v2.master_sg",
            "openstack_networking_secgroup_v2.worker_sg"
          ]
        }
      ]
    },
    {
      "mode": "managed",
      "type": "openstack_networking_secgroup_rule_v2",
      "name": "worker_internal",
      "provider": "provider[\"registry.terraform.io/terraform-provider-openstack/openstack\"]",
      "instances": [
        {
          "schema_version": 0,
          "attributes": {
            "description": "",
            "direction": "ingress",
            "ethertype": "IPv4",
            "id": "9429dfdc-0c6d-41dd-a433-06e603fefc86",
            "port_range_max": 0,
            "port_range_min": 0,
            "protocol": "",
            "region": "RegionOne",
            "remote_address_group_id": "",
            "remote_group_id": "a943459d-f664-404c-af75-6dd518d4781d",
            "remote_ip_prefix": "",
            "security_group_id": "a943459d-f664-404c-af75-6dd518d4781d",
            "tenant_id": "d2eb04b1516f4d8bb957a347a9f23ba9",
            "timeouts": null
          },
          "sensitive_attributes": [],
          "identity_schema_version": 0,
          "private": "eyJlMmJmYjczMC1lY2FhLTExZTYtOGY4OC0zNDM2M2JjN2M0YzAiOnsiZGVsZXRlIjo2MDAwMDAwMDAwMDB9fQ==",
          "dependencies": [
            "openstack_networking_secgroup_v2.worker_sg"
          ]
        }
      ]
    },
    {
      "mode": "managed",
      "type": "openstack_networking_secgroup_rule_v2",
      "name": "worker_nodeport",
      "provider": "provider[\"registry.terraform.io/terraform-provider-openstack/openstack\"]",
      "instances": [
        {
          "schema_version": 0,
          "attributes": {
            "description": "",
            "direction": "ingress",
            "ethertype": "IPv4",
            "id": "f5d04b98-25c7-496b-8905-24912404038f",
            "port_range_max": 32767,
            "port_range_min": 30000,
            "protocol": "tcp",
            "region": "RegionOne",
            "remote_address_group_id": "",
            "remote_group_id": "",
            "remote_ip_prefix": "0.0.0.0/0",
            "security_group_id": "a943459d-f664-404c-af75-6dd518d4781d",
            "tenant_id": "d2eb04b1516f4d8bb957a347a9f23ba9",
            "timeouts": null
          },
          "sensitive_attributes": [],
          "identity_schema_version": 0,
          "private": "eyJlMmJmYjczMC1lY2FhLTExZTYtOGY4OC0zNDM2M2JjN2M0YzAiOnsiZGVsZXRlIjo2MDAwMDAwMDAwMDB9fQ==",
          "dependencies": [
            "openstack_networking_secgroup_v2.worker_sg"
          ]
        }
      ]
    },
    {
      "mode": "managed",
      "type": "openstack_networking_secgroup_rule_v2",
      "name": "worker_ssh",
      "provider": "provider[\"registry.terraform.io/terraform-provider-openstack/openstack\"]",
      "instances": [
        {
          "schema_version": 0,
          "attributes": {
            "description": "",
            "direction": "ingress",
            "ethertype": "IPv4",
            "id": "399dd239-37e2-4af9-bea0-d2015f0a159a",
            "port_range_max": 22,
            "port_range_min": 22,
            "protocol": "tcp",
            "region": "RegionOne",
            "remote_address_group_id": "",
            "remote_group_id": "",
            "remote_ip_prefix": "0.0.0.0/0",
            "security_group_id": "a943459d-f664-404c-af75-6dd518d4781d",
            "tenant_id": "d2eb04b1516f4d8bb957a347a9f23ba9",
            "timeouts": null
          },
          "sensitive_attributes": [],
          "identity_schema_version": 0,
          "private": "eyJlMmJmYjczMC1lY2FhLTExZTYtOGY4OC0zNDM2M2JjN2M0YzAiOnsiZGVsZXRlIjo2MDAwMDAwMDAwMDB9fQ==",
          "dependencies": [
            "openstack_networking_secgroup_v2.worker_sg"
          ]
        }
      ]
    },
    {
      "mode": "managed",
      "type": "openstack_networking_secgroup_v2",
      "name": "lb_sg",
      "provider": "provider[\"registry.terraform.io/terraform-provider-openstack/openstack\"]",
      "instances": [
        {
          "schema_version": 0,
          "attributes": {
            "all_tags": [],
            "delete_default_rules": null,
            "description": "",
            "id": "a60085d1-8276-4023-bbeb-0dd8d51e713f",
            "name": "auto-kube-lb-sg",
            "region": "RegionOne",
            "stateful": true,
            "tags": null,
            "tenant_id": "d2eb04b1516f4d8bb957a347a9f23ba9",
            "timeouts": null
          },
          "sensitive_attributes": [],
          "identity_schema_version": 0,
          "private": "eyJlMmJmYjczMC1lY2FhLTExZTYtOGY4OC0zNDM2M2JjN2M0YzAiOnsiZGVsZXRlIjo2MDAwMDAwMDAwMDB9fQ=="
        }
      ]
    },
    {
      "mode": "managed",
      "type": "openstack_networking_secgroup_v2",
      "name": "master_sg",
      "provider": "provider[\"registry.terraform.io/terraform-provider-openstack/openstack\"]",
      "instances": [
        {
          "schema_version": 0,
          "attributes": {
            "all_tags": [],
            "delete_default_rules": null,
            "description": "",
            "id": "0f36d3b3-b315-417e-b402-7607c0df81af",
            "name": "auto-kube-master-sg",
            "region": "RegionOne",
            "stateful": true,
            "tags": null,
            "tenant_id": "d2eb04b1516f4d8bb957a347a9f23ba9",
            "timeouts": null
          },
          "sensitive_attributes": [],
          "identity_schema_version": 0,
          "private": "eyJlMmJmYjczMC1lY2FhLTExZTYtOGY4OC0zNDM2M2JjN2M0YzAiOnsiZGVsZXRlIjo2MDAwMDAwMDAwMDB9fQ=="
        }
      ]
    },
    {
      "mode": "managed",
      "type": "openstack_networking_secgroup_v2",
      "name": "worker_sg",
      "provider": "provider[\"registry.terraform.io/terraform-provider-openstack/openstack\"]",
      "instances": [
        {
          "schema_version": 0,
          "attributes": {
            "all_tags": [],
            "delete_default_rules": null,
            "description": "",
            "id": "a943459d-f664-404c-af75-6dd518d4781d",
            "name": "auto-kube-worker-sg",
            "region": "RegionOne",
            "stateful": true,
            "tags": null,
            "tenant_id": "d2eb04b1516f4d8bb957a347a9f23ba9",
            "timeouts": null
          },
          "sensitive_attributes": [],
          "identity_schema_version": 0,
          "private": "eyJlMmJmYjczMC1lY2FhLTExZTYtOGY4OC0zNDM2M2JjN2M0YzAiOnsiZGVsZXRlIjo2MDAwMDAwMDAwMDB9fQ=="
        }
      ]
    }
  ],
  "check_results": null
}
